
Microsoft Visual Studio Solution File, Format Version 12.00
# Visual Studio Version 17
VisualStudioVersion = 17.5.002.0
MinimumVisualStudioVersion = 10.0.40219.1
Project("{9A19103F-16F7-4668-BE54-9A1E7A4F7556}") = "Day1", "Day1\Day1.csproj", "{810540D9-C821-43B5-A9D4-21C487C03024}"
EndProject
Project("{9A19103F-16F7-4668-BE54-9A1E7A4F7556}") = "Day2", "Day2\Day2.csproj", "{F99FC986-18D7-4166-AEBB-0764DC98EAA5}"
EndProject
Project("{9A19103F-16F7-4668-BE54-9A1E7A4F7556}") = "Day2a", "Day2a\Day2a.csproj", "{903D6312-E927-4CA6-91A6-25C9A040B40D}"
EndProject
Project("{9A19103F-16F7-4668-BE54-9A1E7A4F7556}") = "Day2b", "Day2b\Day2b.csproj", "{73412CCE-4581-46F8-8E71-DEED879F594C}"
EndProject
Project("{9A19103F-16F7-4668-BE54-9A1E7A4F7556}") = "Day2c", "Day2c\Day2c.csproj", "{445A83E9-C747-4416-ACD3-4CE04B2CD5BB}"
EndProject
Project("{9A19103F-16F7-4668-BE54-9A1E7A4F7556}") = "Day3", "Day3\Day3.csproj", "{FE38A4D8-43D9-4174-B239-8D5486DA3ECE}"
EndProject
Project("{9A19103F-16F7-4668-BE54-9A1E7A4F7556}") = "Day3a", "Day3a\Day3a.csproj", "{F79D7293-A0F8-4C17-8307-47AF3D4EB397}"
EndProject
Project("{9A19103F-16F7-4668-BE54-9A1E7A4F7556}") = "Day3b", "Day3b\Day3b.csproj", "{C27539D2-48B9-4D52-A84A-79F41A209DB8}"
EndProject
Project("{9A19103F-16F7-4668-BE54-9A1E7A4F7556}") = "Day3c", "Day3c\Day3c.csproj", "{5101CFBB-1E9E-4E2A-931E-16412DF2018A}"
EndProject
Project("{9A19103F-16F7-4668-BE54-9A1E7A4F7556}") = "Day3d", "Day3d\Day3d.csproj", "{303F188A-B64A-4140-B30C-365B5ECA866C}"
EndProject
Project("{9A19103F-16F7-4668-BE54-9A1E7A4F7556}") = "Day4", "Day4\Day4.csproj", "{290052AB-DAAF-423A-9397-85F99B2F3C74}"
EndProject
Project("{9A19103F-16F7-4668-BE54-9A1E7A4F7556}") = "Day4a", "Day4a\Day4a.csproj", "{FC140A28-98F6-4CBD-B470-9FBA04AE69BC}"
EndProject
Project("{9A19103F-16F7-4668-BE54-9A1E7A4F7556}") = "Day4b", "Day4b\Day4b.csproj", "{0127962D-1AFC-4BDB-8CB0-79AC0D547150}"
EndProject
Project("{9A19103F-16F7-4668-BE54-9A1E7A4F7556}") = "Day4c", "Day4c\Day4c.csproj", "{73B9BAED-7398-4290-A9DF-2103228976A5}"
EndProject
Project("{9A19103F-16F7-4668-BE54-9A1E7A4F7556}") = "Day4d", "Day4d\Day4d.csproj", "{91A3CB97-0DB2-437D-A9FD-29927480A422}"
EndProject
Project("{9A19103F-16F7-4668-BE54-9A1E7A4F7556}") = "Day4e", "Day4e\Day4e.csproj", "{41310977-19FA-4194-898D-33BC1D075D01}"
EndProject
Project("{9A19103F-16F7-4668-BE54-9A1E7A4F7556}") = "Day4f", "Day4f\Day4f.csproj", "{E4ED857B-CA24-470B-A61B-755E86DF1078}"
EndProject
Project("{9A19103F-16F7-4668-BE54-9A1E7A4F7556}") = "Day4g", "Day4g\Day4g.csproj", "{5266376F-1935-4ACE-ABD0-7A8A360CF559}"
EndProject
Project("{9A19103F-16F7-4668-BE54-9A1E7A4F7556}") = "Day4h", "Day4h\Day4h.csproj", "{B132EA9A-9F59-4FE7-B4FE-EE11E42534E1}"
EndProject
Project("{9A19103F-16F7-4668-BE54-9A1E7A4F7556}") = "Day4i", "Day4i\Day4i.csproj", "{EE00D7ED-3A22-45E3-8C34-00350AE0882D}"
EndProject
Project("{9A19103F-16F7-4668-BE54-9A1E7A4F7556}") = "Day4j", "Day4j\Day4j.csproj", "{A351ADEC-51AB-4B40-9BD1-5CC29A519C17}"
EndProject
Project("{9A19103F-16F7-4668-BE54-9A1E7A4F7556}") = "Day5", "Day5\Day5.csproj", "{1F588A83-A1E2-4B02-AD2F-B6641AAC8414}"
EndProject
Project("{9A19103F-16F7-4668-BE54-9A1E7A4F7556}") = "Day5a", "Day5a\Day5a.csproj", "{D0007D0E-F875-4040-8E88-9F1D0C0E5DCF}"
EndProject
Project("{9A19103F-16F7-4668-BE54-9A1E7A4F7556}") = "Day5b", "Day5b\Day5b.csproj", "{DD4E7560-29BD-444E-8B87-34C980E3393E}"
EndProject
Project("{9A19103F-16F7-4668-BE54-9A1E7A4F7556}") = "Day5c", "Day5c\Day5c.csproj", "{3D6F8239-A9B0-44AA-873B-AAFB2581DB78}"
EndProject
Project("{9A19103F-16F7-4668-BE54-9A1E7A4F7556}") = "Day5d", "Day5d\Day5d.csproj", "{866B67CC-4A28-4D5C-9187-69F581197AC6}"
EndProject
Project("{9A19103F-16F7-4668-BE54-9A1E7A4F7556}") = "Day5e", "Day5e\Day5e.csproj", "{AC81EF82-5221-4FF5-8DB3-ECCD33D11062}"
EndProject
Project("{9A19103F-16F7-4668-BE54-9A1E7A4F7556}") = "Day5g", "Day5g\Day5g.csproj", "{FBF50BB6-E121-4036-A18A-97B3FF314932}"
EndProject
Project("{9A19103F-16F7-4668-BE54-9A1E7A4F7556}") = "Day5h", "Day5h\Day5h.csproj", "{E9DE41B9-D4FD-42EC-9240-3D1F015F7F9F}"
EndProject
Project("{9A19103F-16F7-4668-BE54-9A1E7A4F7556}") = "Day5i", "Day5i\Day5i.csproj", "{BEECC1C5-7D97-40EA-819B-02A00C08C288}"
EndProject
Project("{9A19103F-16F7-4668-BE54-9A1E7A4F7556}") = "Day5j", "Day5j\Day5j.csproj", "{63A254B2-A0EC-41D6-B902-7ABBF14D4F49}"
EndProject
Project("{9A19103F-16F7-4668-BE54-9A1E7A4F7556}") = "Day5k", "Day5k\Day5k.csproj", "{5EC9ADD6-1D4B-48F6-9BAF-F37531F2405E}"
EndProject
Project("{9A19103F-16F7-4668-BE54-9A1E7A4F7556}") = "Day5l", "Day5l\Day5l.csproj", "{04BE0A07-1F04-4CCD-BCA1-D3E4B3746C96}"
EndProject
Project("{9A19103F-16F7-4668-BE54-9A1E7A4F7556}") = "Day5m", "Day5m\Day5m.csproj", "{9CCE41A5-35F5-46F7-8C6E-A92CFB99A251}"
EndProject
Project("{9A19103F-16F7-4668-BE54-9A1E7A4F7556}") = "Day5n", "Day5n\Day5n.csproj", "{0BA7572A-AF7C-433B-B67D-A3FC141DDDA2}"
EndProject
Project("{9A19103F-16F7-4668-BE54-9A1E7A4F7556}") = "Day5o", "Day5o\Day5o.csproj", "{344EA942-233C-4A57-A754-CCB3078CA233}"
EndProject
Project("{9A19103F-16F7-4668-BE54-9A1E7A4F7556}") = "Day5p", "Day5p\Day5p.csproj", "{5FC704D2-2108-44E0-9F46-52D0DDE3C706}"
EndProject
Project("{9A19103F-16F7-4668-BE54-9A1E7A4F7556}") = "Day5q", "Day5q\Day5q.csproj", "{B188C892-1D51-4B75-BC42-DB3587B97801}"
EndProject
Project("{9A19103F-16F7-4668-BE54-9A1E7A4F7556}") = "LatihanSE", "LatihanSE\LatihanSE.csproj", "{B45C5EE9-8931-4304-B023-834E8D15E8A6}"
EndProject
Project("{2150E333-8FDC-42A3-9474-1A3956D46DE8}") = "Bootcamp_Batch_6_SE", "Bootcamp_Batch_6_SE", "{7C76A24B-50D3-4D95-B72F-F6A3F224DBF9}"
EndProject
Project("{9A19103F-16F7-4668-BE54-9A1E7A4F7556}") = "Day1", "Bootcamp_Batch_6_SE\Day1\Day1.csproj", "{B2A71C45-2B7F-4E62-9331-A27DACA34FF2}"
EndProject
Project("{9A19103F-16F7-4668-BE54-9A1E7A4F7556}") = "Day2", "Bootcamp_Batch_6_SE\Day2\Day2.csproj", "{03D6A2EE-CB63-4DAC-8582-1963D76637D0}"
EndProject
Project("{9A19103F-16F7-4668-BE54-9A1E7A4F7556}") = "Day2a", "Bootcamp_Batch_6_SE\Day2a\Day2a.csproj", "{FBC54B29-EE3C-4FCB-8796-BAF4AF1AA067}"
EndProject
Project("{9A19103F-16F7-4668-BE54-9A1E7A4F7556}") = "Day2b", "Bootcamp_Batch_6_SE\Day2b\Day2b.csproj", "{5F829B4A-51EF-47FE-BED6-77712B9F378A}"
EndProject
Project("{9A19103F-16F7-4668-BE54-9A1E7A4F7556}") = "Day2c", "Bootcamp_Batch_6_SE\Day2c\Day2c.csproj", "{CBEE6686-95DD-42B5-A023-5922AE40BFC5}"
EndProject
Project("{9A19103F-16F7-4668-BE54-9A1E7A4F7556}") = "Day3", "Bootcamp_Batch_6_SE\Day3\Day3.csproj", "{72F05AC1-F168-4291-B2A8-9AF51ECAD173}"
EndProject
Project("{9A19103F-16F7-4668-BE54-9A1E7A4F7556}") = "Day3a", "Bootcamp_Batch_6_SE\Day3a\Day3a.csproj", "{0DB04644-BF61-4159-8928-3FBA3D09A783}"
EndProject
Project("{9A19103F-16F7-4668-BE54-9A1E7A4F7556}") = "Day3b", "Bootcamp_Batch_6_SE\Day3b\Day3b.csproj", "{375005C9-BF0F-424C-A400-BE4A6AAB343C}"
EndProject
Project("{9A19103F-16F7-4668-BE54-9A1E7A4F7556}") = "Day3c", "Bootcamp_Batch_6_SE\Day3c\Day3c.csproj", "{76AFCDB0-F9A5-4340-891C-8EAAE836FD10}"
EndProject
Project("{9A19103F-16F7-4668-BE54-9A1E7A4F7556}") = "Day3d", "Bootcamp_Batch_6_SE\Day3d\Day3d.csproj", "{C54F0336-DAF2-4A82-ADBC-9EDBCD9729FE}"
EndProject
Global
	GlobalSection(SolutionConfigurationPlatforms) = preSolution
		Debug|Any CPU = Debug|Any CPU
		Release|Any CPU = Release|Any CPU
	EndGlobalSection
	GlobalSection(ProjectConfigurationPlatforms) = postSolution
		{810540D9-C821-43B5-A9D4-21C487C03024}.Debug|Any CPU.ActiveCfg = Debug|Any CPU
		{810540D9-C821-43B5-A9D4-21C487C03024}.Debug|Any CPU.Build.0 = Debug|Any CPU
		{810540D9-C821-43B5-A9D4-21C487C03024}.Release|Any CPU.ActiveCfg = Release|Any CPU
		{810540D9-C821-43B5-A9D4-21C487C03024}.Release|Any CPU.Build.0 = Release|Any CPU
		{F99FC986-18D7-4166-AEBB-0764DC98EAA5}.Debug|Any CPU.ActiveCfg = Debug|Any CPU
		{F99FC986-18D7-4166-AEBB-0764DC98EAA5}.Debug|Any CPU.Build.0 = Debug|Any CPU
		{F99FC986-18D7-4166-AEBB-0764DC98EAA5}.Release|Any CPU.ActiveCfg = Release|Any CPU
		{F99FC986-18D7-4166-AEBB-0764DC98EAA5}.Release|Any CPU.Build.0 = Release|Any CPU
		{903D6312-E927-4CA6-91A6-25C9A040B40D}.Debug|Any CPU.ActiveCfg = Debug|Any CPU
		{903D6312-E927-4CA6-91A6-25C9A040B40D}.Debug|Any CPU.Build.0 = Debug|Any CPU
		{903D6312-E927-4CA6-91A6-25C9A040B40D}.Release|Any CPU.ActiveCfg = Release|Any CPU
		{903D6312-E927-4CA6-91A6-25C9A040B40D}.Release|Any CPU.Build.0 = Release|Any CPU
		{73412CCE-4581-46F8-8E71-DEED879F594C}.Debug|Any CPU.ActiveCfg = Debug|Any CPU
		{73412CCE-4581-46F8-8E71-DEED879F594C}.Debug|Any CPU.Build.0 = Debug|Any CPU
		{73412CCE-4581-46F8-8E71-DEED879F594C}.Release|Any CPU.ActiveCfg = Release|Any CPU
		{73412CCE-4581-46F8-8E71-DEED879F594C}.Release|Any CPU.Build.0 = Release|Any CPU
		{445A83E9-C747-4416-ACD3-4CE04B2CD5BB}.Debug|Any CPU.ActiveCfg = Debug|Any CPU
		{445A83E9-C747-4416-ACD3-4CE04B2CD5BB}.Debug|Any CPU.Build.0 = Debug|Any CPU
		{445A83E9-C747-4416-ACD3-4CE04B2CD5BB}.Release|Any CPU.ActiveCfg = Release|Any CPU
		{445A83E9-C747-4416-ACD3-4CE04B2CD5BB}.Release|Any CPU.Build.0 = Release|Any CPU
		{FE38A4D8-43D9-4174-B239-8D5486DA3ECE}.Debug|Any CPU.ActiveCfg = Debug|Any CPU
		{FE38A4D8-43D9-4174-B239-8D5486DA3ECE}.Debug|Any CPU.Build.0 = Debug|Any CPU
		{FE38A4D8-43D9-4174-B239-8D5486DA3ECE}.Release|Any CPU.ActiveCfg = Release|Any CPU
		{FE38A4D8-43D9-4174-B239-8D5486DA3ECE}.Release|Any CPU.Build.0 = Release|Any CPU
		{F79D7293-A0F8-4C17-8307-47AF3D4EB397}.Debug|Any CPU.ActiveCfg = Debug|Any CPU
		{F79D7293-A0F8-4C17-8307-47AF3D4EB397}.Debug|Any CPU.Build.0 = Debug|Any CPU
		{F79D7293-A0F8-4C17-8307-47AF3D4EB397}.Release|Any CPU.ActiveCfg = Release|Any CPU
		{F79D7293-A0F8-4C17-8307-47AF3D4EB397}.Release|Any CPU.Build.0 = Release|Any CPU
		{C27539D2-48B9-4D52-A84A-79F41A209DB8}.Debug|Any CPU.ActiveCfg = Debug|Any CPU
		{C27539D2-48B9-4D52-A84A-79F41A209DB8}.Debug|Any CPU.Build.0 = Debug|Any CPU
		{C27539D2-48B9-4D52-A84A-79F41A209DB8}.Release|Any CPU.ActiveCfg = Release|Any CPU
		{C27539D2-48B9-4D52-A84A-79F41A209DB8}.Release|Any CPU.Build.0 = Release|Any CPU
		{5101CFBB-1E9E-4E2A-931E-16412DF2018A}.Debug|Any CPU.ActiveCfg = Debug|Any CPU
		{5101CFBB-1E9E-4E2A-931E-16412DF2018A}.Debug|Any CPU.Build.0 = Debug|Any CPU
		{5101CFBB-1E9E-4E2A-931E-16412DF2018A}.Release|Any CPU.ActiveCfg = Release|Any CPU
		{5101CFBB-1E9E-4E2A-931E-16412DF2018A}.Release|Any CPU.Build.0 = Release|Any CPU
		{303F188A-B64A-4140-B30C-365B5ECA866C}.Debug|Any CPU.ActiveCfg = Debug|Any CPU
		{303F188A-B64A-4140-B30C-365B5ECA866C}.Debug|Any CPU.Build.0 = Debug|Any CPU
		{303F188A-B64A-4140-B30C-365B5ECA866C}.Release|Any CPU.ActiveCfg = Release|Any CPU
		{303F188A-B64A-4140-B30C-365B5ECA866C}.Release|Any CPU.Build.0 = Release|Any CPU
		{290052AB-DAAF-423A-9397-85F99B2F3C74}.Debug|Any CPU.ActiveCfg = Debug|Any CPU
		{290052AB-DAAF-423A-9397-85F99B2F3C74}.Debug|Any CPU.Build.0 = Debug|Any CPU
		{290052AB-DAAF-423A-9397-85F99B2F3C74}.Release|Any CPU.ActiveCfg = Release|Any CPU
		{290052AB-DAAF-423A-9397-85F99B2F3C74}.Release|Any CPU.Build.0 = Release|Any CPU
		{FC140A28-98F6-4CBD-B470-9FBA04AE69BC}.Debug|Any CPU.ActiveCfg = Debug|Any CPU
		{FC140A28-98F6-4CBD-B470-9FBA04AE69BC}.Debug|Any CPU.Build.0 = Debug|Any CPU
		{FC140A28-98F6-4CBD-B470-9FBA04AE69BC}.Release|Any CPU.ActiveCfg = Release|Any CPU
		{FC140A28-98F6-4CBD-B470-9FBA04AE69BC}.Release|Any CPU.Build.0 = Release|Any CPU
		{0127962D-1AFC-4BDB-8CB0-79AC0D547150}.Debug|Any CPU.ActiveCfg = Debug|Any CPU
		{0127962D-1AFC-4BDB-8CB0-79AC0D547150}.Debug|Any CPU.Build.0 = Debug|Any CPU
		{0127962D-1AFC-4BDB-8CB0-79AC0D547150}.Release|Any CPU.ActiveCfg = Release|Any CPU
		{0127962D-1AFC-4BDB-8CB0-79AC0D547150}.Release|Any CPU.Build.0 = Release|Any CPU
		{73B9BAED-7398-4290-A9DF-2103228976A5}.Debug|Any CPU.ActiveCfg = Debug|Any CPU
		{73B9BAED-7398-4290-A9DF-2103228976A5}.Debug|Any CPU.Build.0 = Debug|Any CPU
		{73B9BAED-7398-4290-A9DF-2103228976A5}.Release|Any CPU.ActiveCfg = Release|Any CPU
		{73B9BAED-7398-4290-A9DF-2103228976A5}.Release|Any CPU.Build.0 = Release|Any CPU
		{91A3CB97-0DB2-437D-A9FD-29927480A422}.Debug|Any CPU.ActiveCfg = Debug|Any CPU
		{91A3CB97-0DB2-437D-A9FD-29927480A422}.Debug|Any CPU.Build.0 = Debug|Any CPU
		{91A3CB97-0DB2-437D-A9FD-29927480A422}.Release|Any CPU.ActiveCfg = Release|Any CPU
		{91A3CB97-0DB2-437D-A9FD-29927480A422}.Release|Any CPU.Build.0 = Release|Any CPU
		{41310977-19FA-4194-898D-33BC1D075D01}.Debug|Any CPU.ActiveCfg = Debug|Any CPU
		{41310977-19FA-4194-898D-33BC1D075D01}.Debug|Any CPU.Build.0 = Debug|Any CPU
		{41310977-19FA-4194-898D-33BC1D075D01}.Release|Any CPU.ActiveCfg = Release|Any CPU
		{41310977-19FA-4194-898D-33BC1D075D01}.Release|Any CPU.Build.0 = Release|Any CPU
		{E4ED857B-CA24-470B-A61B-755E86DF1078}.Debug|Any CPU.ActiveCfg = Debug|Any CPU
		{E4ED857B-CA24-470B-A61B-755E86DF1078}.Debug|Any CPU.Build.0 = Debug|Any CPU
		{E4ED857B-CA24-470B-A61B-755E86DF1078}.Release|Any CPU.ActiveCfg = Release|Any CPU
		{E4ED857B-CA24-470B-A61B-755E86DF1078}.Release|Any CPU.Build.0 = Release|Any CPU
		{5266376F-1935-4ACE-ABD0-7A8A360CF559}.Debug|Any CPU.ActiveCfg = Debug|Any CPU
		{5266376F-1935-4ACE-ABD0-7A8A360CF559}.Debug|Any CPU.Build.0 = Debug|Any CPU
		{5266376F-1935-4ACE-ABD0-7A8A360CF559}.Release|Any CPU.ActiveCfg = Release|Any CPU
		{5266376F-1935-4ACE-ABD0-7A8A360CF559}.Release|Any CPU.Build.0 = Release|Any CPU
		{B132EA9A-9F59-4FE7-B4FE-EE11E42534E1}.Debug|Any CPU.ActiveCfg = Debug|Any CPU
		{B132EA9A-9F59-4FE7-B4FE-EE11E42534E1}.Debug|Any CPU.Build.0 = Debug|Any CPU
		{B132EA9A-9F59-4FE7-B4FE-EE11E42534E1}.Release|Any CPU.ActiveCfg = Release|Any CPU
		{B132EA9A-9F59-4FE7-B4FE-EE11E42534E1}.Release|Any CPU.Build.0 = Release|Any CPU
		{EE00D7ED-3A22-45E3-8C34-00350AE0882D}.Debug|Any CPU.ActiveCfg = Debug|Any CPU
		{EE00D7ED-3A22-45E3-8C34-00350AE0882D}.Debug|Any CPU.Build.0 = Debug|Any CPU
		{EE00D7ED-3A22-45E3-8C34-00350AE0882D}.Release|Any CPU.ActiveCfg = Release|Any CPU
		{EE00D7ED-3A22-45E3-8C34-00350AE0882D}.Release|Any CPU.Build.0 = Release|Any CPU
		{A351ADEC-51AB-4B40-9BD1-5CC29A519C17}.Debug|Any CPU.ActiveCfg = Debug|Any CPU
		{A351ADEC-51AB-4B40-9BD1-5CC29A519C17}.Debug|Any CPU.Build.0 = Debug|Any CPU
		{A351ADEC-51AB-4B40-9BD1-5CC29A519C17}.Release|Any CPU.ActiveCfg = Release|Any CPU
		{A351ADEC-51AB-4B40-9BD1-5CC29A519C17}.Release|Any CPU.Build.0 = Release|Any CPU
		{1F588A83-A1E2-4B02-AD2F-B6641AAC8414}.Debug|Any CPU.ActiveCfg = Debug|Any CPU
		{1F588A83-A1E2-4B02-AD2F-B6641AAC8414}.Debug|Any CPU.Build.0 = Debug|Any CPU
		{1F588A83-A1E2-4B02-AD2F-B6641AAC8414}.Release|Any CPU.ActiveCfg = Release|Any CPU
		{1F588A83-A1E2-4B02-AD2F-B6641AAC8414}.Release|Any CPU.Build.0 = Release|Any CPU
		{D0007D0E-F875-4040-8E88-9F1D0C0E5DCF}.Debug|Any CPU.ActiveCfg = Debug|Any CPU
		{D0007D0E-F875-4040-8E88-9F1D0C0E5DCF}.Debug|Any CPU.Build.0 = Debug|Any CPU
		{D0007D0E-F875-4040-8E88-9F1D0C0E5DCF}.Release|Any CPU.ActiveCfg = Release|Any CPU
		{D0007D0E-F875-4040-8E88-9F1D0C0E5DCF}.Release|Any CPU.Build.0 = Release|Any CPU
		{DD4E7560-29BD-444E-8B87-34C980E3393E}.Debug|Any CPU.ActiveCfg = Debug|Any CPU
		{DD4E7560-29BD-444E-8B87-34C980E3393E}.Debug|Any CPU.Build.0 = Debug|Any CPU
		{DD4E7560-29BD-444E-8B87-34C980E3393E}.Release|Any CPU.ActiveCfg = Release|Any CPU
		{DD4E7560-29BD-444E-8B87-34C980E3393E}.Release|Any CPU.Build.0 = Release|Any CPU
		{3D6F8239-A9B0-44AA-873B-AAFB2581DB78}.Debug|Any CPU.ActiveCfg = Debug|Any CPU
		{3D6F8239-A9B0-44AA-873B-AAFB2581DB78}.Debug|Any CPU.Build.0 = Debug|Any CPU
		{3D6F8239-A9B0-44AA-873B-AAFB2581DB78}.Release|Any CPU.ActiveCfg = Release|Any CPU
		{3D6F8239-A9B0-44AA-873B-AAFB2581DB78}.Release|Any CPU.Build.0 = Release|Any CPU
		{866B67CC-4A28-4D5C-9187-69F581197AC6}.Debug|Any CPU.ActiveCfg = Debug|Any CPU
		{866B67CC-4A28-4D5C-9187-69F581197AC6}.Debug|Any CPU.Build.0 = Debug|Any CPU
		{866B67CC-4A28-4D5C-9187-69F581197AC6}.Release|Any CPU.ActiveCfg = Release|Any CPU
		{866B67CC-4A28-4D5C-9187-69F581197AC6}.Release|Any CPU.Build.0 = Release|Any CPU
		{AC81EF82-5221-4FF5-8DB3-ECCD33D11062}.Debug|Any CPU.ActiveCfg = Debug|Any CPU
		{AC81EF82-5221-4FF5-8DB3-ECCD33D11062}.Debug|Any CPU.Build.0 = Debug|Any CPU
		{AC81EF82-5221-4FF5-8DB3-ECCD33D11062}.Release|Any CPU.ActiveCfg = Release|Any CPU
		{AC81EF82-5221-4FF5-8DB3-ECCD33D11062}.Release|Any CPU.Build.0 = Release|Any CPU
		{FBF50BB6-E121-4036-A18A-97B3FF314932}.Debug|Any CPU.ActiveCfg = Debug|Any CPU
		{FBF50BB6-E121-4036-A18A-97B3FF314932}.Debug|Any CPU.Build.0 = Debug|Any CPU
		{FBF50BB6-E121-4036-A18A-97B3FF314932}.Release|Any CPU.ActiveCfg = Release|Any CPU
		{FBF50BB6-E121-4036-A18A-97B3FF314932}.Release|Any CPU.Build.0 = Release|Any CPU
		{E9DE41B9-D4FD-42EC-9240-3D1F015F7F9F}.Debug|Any CPU.ActiveCfg = Debug|Any CPU
		{E9DE41B9-D4FD-42EC-9240-3D1F015F7F9F}.Debug|Any CPU.Build.0 = Debug|Any CPU
		{E9DE41B9-D4FD-42EC-9240-3D1F015F7F9F}.Release|Any CPU.ActiveCfg = Release|Any CPU
		{E9DE41B9-D4FD-42EC-9240-3D1F015F7F9F}.Release|Any CPU.Build.0 = Release|Any CPU
		{BEECC1C5-7D97-40EA-819B-02A00C08C288}.Debug|Any CPU.ActiveCfg = Debug|Any CPU
		{BEECC1C5-7D97-40EA-819B-02A00C08C288}.Debug|Any CPU.Build.0 = Debug|Any CPU
		{BEECC1C5-7D97-40EA-819B-02A00C08C288}.Release|Any CPU.ActiveCfg = Release|Any CPU
		{BEECC1C5-7D97-40EA-819B-02A00C08C288}.Release|Any CPU.Build.0 = Release|Any CPU
		{63A254B2-A0EC-41D6-B902-7ABBF14D4F49}.Debug|Any CPU.ActiveCfg = Debug|Any CPU
		{63A254B2-A0EC-41D6-B902-7ABBF14D4F49}.Debug|Any CPU.Build.0 = Debug|Any CPU
		{63A254B2-A0EC-41D6-B902-7ABBF14D4F49}.Release|Any CPU.ActiveCfg = Release|Any CPU
		{63A254B2-A0EC-41D6-B902-7ABBF14D4F49}.Release|Any CPU.Build.0 = Release|Any CPU
		{5EC9ADD6-1D4B-48F6-9BAF-F37531F2405E}.Debug|Any CPU.ActiveCfg = Debug|Any CPU
		{5EC9ADD6-1D4B-48F6-9BAF-F37531F2405E}.Debug|Any CPU.Build.0 = Debug|Any CPU
		{5EC9ADD6-1D4B-48F6-9BAF-F37531F2405E}.Release|Any CPU.ActiveCfg = Release|Any CPU
		{5EC9ADD6-1D4B-48F6-9BAF-F37531F2405E}.Release|Any CPU.Build.0 = Release|Any CPU
		{04BE0A07-1F04-4CCD-BCA1-D3E4B3746C96}.Debug|Any CPU.ActiveCfg = Debug|Any CPU
		{04BE0A07-1F04-4CCD-BCA1-D3E4B3746C96}.Debug|Any CPU.Build.0 = Debug|Any CPU
		{04BE0A07-1F04-4CCD-BCA1-D3E4B3746C96}.Release|Any CPU.ActiveCfg = Release|Any CPU
		{04BE0A07-1F04-4CCD-BCA1-D3E4B3746C96}.Release|Any CPU.Build.0 = Release|Any CPU
		{9CCE41A5-35F5-46F7-8C6E-A92CFB99A251}.Debug|Any CPU.ActiveCfg = Debug|Any CPU
		{9CCE41A5-35F5-46F7-8C6E-A92CFB99A251}.Debug|Any CPU.Build.0 = Debug|Any CPU
		{9CCE41A5-35F5-46F7-8C6E-A92CFB99A251}.Release|Any CPU.ActiveCfg = Release|Any CPU
		{9CCE41A5-35F5-46F7-8C6E-A92CFB99A251}.Release|Any CPU.Build.0 = Release|Any CPU
		{0BA7572A-AF7C-433B-B67D-A3FC141DDDA2}.Debug|Any CPU.ActiveCfg = Debug|Any CPU
		{0BA7572A-AF7C-433B-B67D-A3FC141DDDA2}.Debug|Any CPU.Build.0 = Debug|Any CPU
		{0BA7572A-AF7C-433B-B67D-A3FC141DDDA2}.Release|Any CPU.ActiveCfg = Release|Any CPU
		{0BA7572A-AF7C-433B-B67D-A3FC141DDDA2}.Release|Any CPU.Build.0 = Release|Any CPU
		{344EA942-233C-4A57-A754-CCB3078CA233}.Debug|Any CPU.ActiveCfg = Debug|Any CPU
		{344EA942-233C-4A57-A754-CCB3078CA233}.Debug|Any CPU.Build.0 = Debug|Any CPU
		{344EA942-233C-4A57-A754-CCB3078CA233}.Release|Any CPU.ActiveCfg = Release|Any CPU
		{344EA942-233C-4A57-A754-CCB3078CA233}.Release|Any CPU.Build.0 = Release|Any CPU
		{5FC704D2-2108-44E0-9F46-52D0DDE3C706}.Debug|Any CPU.ActiveCfg = Debug|Any CPU
		{5FC704D2-2108-44E0-9F46-52D0DDE3C706}.Debug|Any CPU.Build.0 = Debug|Any CPU
		{5FC704D2-2108-44E0-9F46-52D0DDE3C706}.Release|Any CPU.ActiveCfg = Release|Any CPU
		{5FC704D2-2108-44E0-9F46-52D0DDE3C706}.Release|Any CPU.Build.0 = Release|Any CPU
		{B188C892-1D51-4B75-BC42-DB3587B97801}.Debug|Any CPU.ActiveCfg = Debug|Any CPU
		{B188C892-1D51-4B75-BC42-DB3587B97801}.Debug|Any CPU.Build.0 = Debug|Any CPU
		{B188C892-1D51-4B75-BC42-DB3587B97801}.Release|Any CPU.ActiveCfg = Release|Any CPU
		{B188C892-1D51-4B75-BC42-DB3587B97801}.Release|Any CPU.Build.0 = Release|Any CPU
		{B45C5EE9-8931-4304-B023-834E8D15E8A6}.Debug|Any CPU.ActiveCfg = Debug|Any CPU
		{B45C5EE9-8931-4304-B023-834E8D15E8A6}.Debug|Any CPU.Build.0 = Debug|Any CPU
		{B45C5EE9-8931-4304-B023-834E8D15E8A6}.Release|Any CPU.ActiveCfg = Release|Any CPU
		{B45C5EE9-8931-4304-B023-834E8D15E8A6}.Release|Any CPU.Build.0 = Release|Any CPU
		{B2A71C45-2B7F-4E62-9331-A27DACA34FF2}.Debug|Any CPU.ActiveCfg = Debug|Any CPU
		{B2A71C45-2B7F-4E62-9331-A27DACA34FF2}.Debug|Any CPU.Build.0 = Debug|Any CPU
		{B2A71C45-2B7F-4E62-9331-A27DACA34FF2}.Release|Any CPU.ActiveCfg = Release|Any CPU
		{B2A71C45-2B7F-4E62-9331-A27DACA34FF2}.Release|Any CPU.Build.0 = Release|Any CPU
		{03D6A2EE-CB63-4DAC-8582-1963D76637D0}.Debug|Any CPU.ActiveCfg = Debug|Any CPU
		{03D6A2EE-CB63-4DAC-8582-1963D76637D0}.Debug|Any CPU.Build.0 = Debug|Any CPU
		{03D6A2EE-CB63-4DAC-8582-1963D76637D0}.Release|Any CPU.ActiveCfg = Release|Any CPU
		{03D6A2EE-CB63-4DAC-8582-1963D76637D0}.Release|Any CPU.Build.0 = Release|Any CPU
		{FBC54B29-EE3C-4FCB-8796-BAF4AF1AA067}.Debug|Any CPU.ActiveCfg = Debug|Any CPU
		{FBC54B29-EE3C-4FCB-8796-BAF4AF1AA067}.Debug|Any CPU.Build.0 = Debug|Any CPU
		{FBC54B29-EE3C-4FCB-8796-BAF4AF1AA067}.Release|Any CPU.ActiveCfg = Release|Any CPU
		{FBC54B29-EE3C-4FCB-8796-BAF4AF1AA067}.Release|Any CPU.Build.0 = Release|Any CPU
		{5F829B4A-51EF-47FE-BED6-77712B9F378A}.Debug|Any CPU.ActiveCfg = Debug|Any CPU
		{5F829B4A-51EF-47FE-BED6-77712B9F378A}.Debug|Any CPU.Build.0 = Debug|Any CPU
		{5F829B4A-51EF-47FE-BED6-77712B9F378A}.Release|Any CPU.ActiveCfg = Release|Any CPU
		{5F829B4A-51EF-47FE-BED6-77712B9F378A}.Release|Any CPU.Build.0 = Release|Any CPU
		{CBEE6686-95DD-42B5-A023-5922AE40BFC5}.Debug|Any CPU.ActiveCfg = Debug|Any CPU
		{CBEE6686-95DD-42B5-A023-5922AE40BFC5}.Debug|Any CPU.Build.0 = Debug|Any CPU
		{CBEE6686-95DD-42B5-A023-5922AE40BFC5}.Release|Any CPU.ActiveCfg = Release|Any CPU
		{CBEE6686-95DD-42B5-A023-5922AE40BFC5}.Release|Any CPU.Build.0 = Release|Any CPU
		{72F05AC1-F168-4291-B2A8-9AF51ECAD173}.Debug|Any CPU.ActiveCfg = Debug|Any CPU
		{72F05AC1-F168-4291-B2A8-9AF51ECAD173}.Debug|Any CPU.Build.0 = Debug|Any CPU
		{72F05AC1-F168-4291-B2A8-9AF51ECAD173}.Release|Any CPU.ActiveCfg = Release|Any CPU
		{72F05AC1-F168-4291-B2A8-9AF51ECAD173}.Release|Any CPU.Build.0 = Release|Any CPU
		{0DB04644-BF61-4159-8928-3FBA3D09A783}.Debug|Any CPU.ActiveCfg = Debug|Any CPU
		{0DB04644-BF61-4159-8928-3FBA3D09A783}.Debug|Any CPU.Build.0 = Debug|Any CPU
		{0DB04644-BF61-4159-8928-3FBA3D09A783}.Release|Any CPU.ActiveCfg = Release|Any CPU
		{0DB04644-BF61-4159-8928-3FBA3D09A783}.Release|Any CPU.Build.0 = Release|Any CPU
		{375005C9-BF0F-424C-A400-BE4A6AAB343C}.Debug|Any CPU.ActiveCfg = Debug|Any CPU
		{375005C9-BF0F-424C-A400-BE4A6AAB343C}.Debug|Any CPU.Build.0 = Debug|Any CPU
		{375005C9-BF0F-424C-A400-BE4A6AAB343C}.Release|Any CPU.ActiveCfg = Release|Any CPU
		{375005C9-BF0F-424C-A400-BE4A6AAB343C}.Release|Any CPU.Build.0 = Release|Any CPU
		{76AFCDB0-F9A5-4340-891C-8EAAE836FD10}.Debug|Any CPU.ActiveCfg = Debug|Any CPU
		{76AFCDB0-F9A5-4340-891C-8EAAE836FD10}.Debug|Any CPU.Build.0 = Debug|Any CPU
		{76AFCDB0-F9A5-4340-891C-8EAAE836FD10}.Release|Any CPU.ActiveCfg = Release|Any CPU
		{76AFCDB0-F9A5-4340-891C-8EAAE836FD10}.Release|Any CPU.Build.0 = Release|Any CPU
		{C54F0336-DAF2-4A82-ADBC-9EDBCD9729FE}.Debug|Any CPU.ActiveCfg = Debug|Any CPU
		{C54F0336-DAF2-4A82-ADBC-9EDBCD9729FE}.Debug|Any CPU.Build.0 = Debug|Any CPU
		{C54F0336-DAF2-4A82-ADBC-9EDBCD9729FE}.Release|Any CPU.ActiveCfg = Release|Any CPU
		{C54F0336-DAF2-4A82-ADBC-9EDBCD9729FE}.Release|Any CPU.Build.0 = Release|Any CPU
	EndGlobalSection
	GlobalSection(SolutionProperties) = preSolution
		HideSolutionNode = FALSE
	EndGlobalSection
	GlobalSection(NestedProjects) = preSolution
		{C970FF5B-3294-46BA-A689-236375EC09E7} = {7C76A24B-50D3-4D95-B72F-F6A3F224DBF9}
		{810540D9-C821-43B5-A9D4-21C487C03024} = {7C76A24B-50D3-4D95-B72F-F6A3F224DBF9}
		{B2A71C45-2B7F-4E62-9331-A27DACA34FF2} = {7C76A24B-50D3-4D95-B72F-F6A3F224DBF9}
		{03D6A2EE-CB63-4DAC-8582-1963D76637D0} = {7C76A24B-50D3-4D95-B72F-F6A3F224DBF9}
		{FBC54B29-EE3C-4FCB-8796-BAF4AF1AA067} = {7C76A24B-50D3-4D95-B72F-F6A3F224DBF9}
		{5F829B4A-51EF-47FE-BED6-77712B9F378A} = {7C76A24B-50D3-4D95-B72F-F6A3F224DBF9}
		{CBEE6686-95DD-42B5-A023-5922AE40BFC5} = {7C76A24B-50D3-4D95-B72F-F6A3F224DBF9}
		{72F05AC1-F168-4291-B2A8-9AF51ECAD173} = {7C76A24B-50D3-4D95-B72F-F6A3F224DBF9}
		{0DB04644-BF61-4159-8928-3FBA3D09A783} = {7C76A24B-50D3-4D95-B72F-F6A3F224DBF9}
		{375005C9-BF0F-424C-A400-BE4A6AAB343C} = {7C76A24B-50D3-4D95-B72F-F6A3F224DBF9}
		{76AFCDB0-F9A5-4340-891C-8EAAE836FD10} = {7C76A24B-50D3-4D95-B72F-F6A3F224DBF9}
		{C54F0336-DAF2-4A82-ADBC-9EDBCD9729FE} = {7C76A24B-50D3-4D95-B72F-F6A3F224DBF9}
	EndGlobalSection
	GlobalSection(ExtensibilityGlobals) = postSolution
		SolutionGuid = {4A420730-87CF-47CD-A049-3F097F8EB2CF}
	EndGlobalSection
EndGlobal
