
Microsoft Visual Studio Solution File, Format Version 12.00
# Visual Studio Version 17
VisualStudioVersion = 17.0.31903.59
MinimumVisualStudioVersion = 10.0.40219.1
Project("{FAE04EC0-301F-11D3-BF4B-00C04F79EFBC}") = "Day1", "Day1\Day1.csproj", "{3B5297DC-9110-45C8-8487-8A0749688435}"
EndProject
Project("{FAE04EC0-301F-11D3-BF4B-00C04F79EFBC}") = "Day2", "Day2\Day2.csproj", "{73E077AD-1B79-4D1F-AC59-FA3485295D65}"
EndProject
Project("{FAE04EC0-301F-11D3-BF4B-00C04F79EFBC}") = "Day2a", "Day2a\Day2a.csproj", "{7EE6D5EC-CA72-43B5-BCAD-E97C73939B2C}"
EndProject
Project("{FAE04EC0-301F-11D3-BF4B-00C04F79EFBC}") = "Day2b", "Day2b\Day2b.csproj", "{0E2716A3-343F-42E3-98C1-DE1AB0504BEC}"
EndProject
Project("{FAE04EC0-301F-11D3-BF4B-00C04F79EFBC}") = "Day2c", "Day2c\Day2c.csproj", "{E29A0F2B-8C02-4A79-9A08-D4FC3ADF6EAC}"
EndProject
Project("{FAE04EC0-301F-11D3-BF4B-00C04F79EFBC}") = "Day3", "Day3\Day3.csproj", "{C2CEEB29-79CF-4974-96AD-30B5B0C4825C}"
EndProject
Project("{FAE04EC0-301F-11D3-BF4B-00C04F79EFBC}") = "Day3a", "Day3a\Day3a.csproj", "{578E3196-1665-4EC3-838B-F5778ED65A06}"
EndProject
Project("{FAE04EC0-301F-11D3-BF4B-00C04F79EFBC}") = "Day3b", "Day3b\Day3b.csproj", "{C60373BD-A8C4-4137-B48E-56356578878E}"
EndProject
Project("{FAE04EC0-301F-11D3-BF4B-00C04F79EFBC}") = "Day3c", "Day3c\Day3c.csproj", "{B989764C-9AEE-4EBB-8B0A-48FC3E8E6561}"
EndProject
Project("{FAE04EC0-301F-11D3-BF4B-00C04F79EFBC}") = "Day3d", "Day3d\Day3d.csproj", "{5E945CAE-365E-446F-9187-F99075A4DD3E}"
EndProject
Project("{FAE04EC0-301F-11D3-BF4B-00C04F79EFBC}") = "Day4", "Day4\Day4.csproj", "{077AEF05-A1A5-436D-8965-E5A60713C3FD}"
EndProject
Project("{FAE04EC0-301F-11D3-BF4B-00C04F79EFBC}") = "Day4a", "Day4a\Day4a.csproj", "{F9F0BD81-1F0B-47D9-B15B-AE0B8FBC698F}"
EndProject
Project("{FAE04EC0-301F-11D3-BF4B-00C04F79EFBC}") = "Day4b", "Day4b\Day4b.csproj", "{002D3EF4-3B50-4F5B-8D80-34E5C03B6710}"
EndProject
Project("{FAE04EC0-301F-11D3-BF4B-00C04F79EFBC}") = "Day4c", "Day4c\Day4c.csproj", "{51EE1260-3E7D-44CA-A223-24C473494087}"
EndProject
Project("{FAE04EC0-301F-11D3-BF4B-00C04F79EFBC}") = "Day4d", "Day4d\Day4d.csproj", "{0A77D7A8-0AE7-4C0C-AB9E-66A233642D4C}"
EndProject
Project("{FAE04EC0-301F-11D3-BF4B-00C04F79EFBC}") = "Day4e", "Day4e\Day4e.csproj", "{B521E15D-ED04-4770-AB9B-B30CC0AFEF1C}"
EndProject
Project("{FAE04EC0-301F-11D3-BF4B-00C04F79EFBC}") = "Day4f", "Day4f\Day4f.csproj", "{56BDAFD9-1807-440B-B397-E20711B3D901}"
EndProject
Project("{FAE04EC0-301F-11D3-BF4B-00C04F79EFBC}") = "Day4g", "Day4g\Day4g.csproj", "{434035CD-4AFC-48BE-94CE-25E4B729FAA2}"
EndProject
Project("{FAE04EC0-301F-11D3-BF4B-00C04F79EFBC}") = "Day4h", "Day4h\Day4h.csproj", "{F9C9C42C-0183-499B-936A-42180E862CC1}"
EndProject
Project("{FAE04EC0-301F-11D3-BF4B-00C04F79EFBC}") = "Day4i", "Day4i\Day4i.csproj", "{879F7359-F507-4F3B-920B-1E1130E0CB20}"
EndProject
Project("{FAE04EC0-301F-11D3-BF4B-00C04F79EFBC}") = "Day4j", "Day4j\Day4j.csproj", "{92FA84C1-BDED-4FBF-9DF5-1CC4DD6F43F2}"
EndProject
Project("{FAE04EC0-301F-11D3-BF4B-00C04F79EFBC}") = "Day5", "Day5\Day5.csproj", "{567FB775-BB8D-423A-8790-CDEE52DBBF9F}"
EndProject
Project("{FAE04EC0-301F-11D3-BF4B-00C04F79EFBC}") = "Day5a", "Day5a\Day5a.csproj", "{AE029C51-926D-4A76-A162-001ED9D5C9C8}"
EndProject
Project("{FAE04EC0-301F-11D3-BF4B-00C04F79EFBC}") = "Day5b", "Day5b\Day5b.csproj", "{899C2349-6EA9-4AB9-93FF-A4172A7140A1}"
EndProject
Project("{FAE04EC0-301F-11D3-BF4B-00C04F79EFBC}") = "Day5c", "Day5c\Day5c.csproj", "{0025ACFC-EF18-4032-B01C-052B6DE223E4}"
EndProject
Project("{FAE04EC0-301F-11D3-BF4B-00C04F79EFBC}") = "Day5d", "Day5d\Day5d.csproj", "{093C8115-7354-449B-A82E-455832450495}"
EndProject
Project("{FAE04EC0-301F-11D3-BF4B-00C04F79EFBC}") = "Day5e", "Day5e\Day5e.csproj", "{A7B689C6-D55D-4AA3-B2E5-E0339884E852}"
EndProject
Project("{FAE04EC0-301F-11D3-BF4B-00C04F79EFBC}") = "Day5g", "Day5g\Day5g.csproj", "{C749B159-F375-4B35-AB76-BED7726D0889}"
EndProject
Project("{FAE04EC0-301F-11D3-BF4B-00C04F79EFBC}") = "Day5h", "Day5h\Day5h.csproj", "{B85C4F04-4D88-4163-879C-E97C4F634B82}"
EndProject
Project("{FAE04EC0-301F-11D3-BF4B-00C04F79EFBC}") = "Day5i", "Day5i\Day5i.csproj", "{58F2BDDB-5412-4307-89B4-212C5CF6EB1A}"
EndProject
Project("{FAE04EC0-301F-11D3-BF4B-00C04F79EFBC}") = "Day5j", "Day5j\Day5j.csproj", "{9A03C667-34A5-49B9-A16E-5DDA5986F68C}"
EndProject
Project("{FAE04EC0-301F-11D3-BF4B-00C04F79EFBC}") = "Day5k", "Day5k\Day5k.csproj", "{3CCDA22B-8669-4AB1-B31C-EA593E5E9C4B}"
EndProject
Project("{FAE04EC0-301F-11D3-BF4B-00C04F79EFBC}") = "Day5l", "Day5l\Day5l.csproj", "{7ADAF3D8-0275-496E-B90B-6A1E1B295000}"
EndProject
Project("{FAE04EC0-301F-11D3-BF4B-00C04F79EFBC}") = "Day5m", "Day5m\Day5m.csproj", "{4E8EEA6D-5C35-49AC-B47F-9CC06038AE46}"
EndProject
Project("{FAE04EC0-301F-11D3-BF4B-00C04F79EFBC}") = "Day5n", "Day5n\Day5n.csproj", "{A9A9D5BA-30D9-4233-BC58-4B1444436B0F}"
EndProject
Project("{FAE04EC0-301F-11D3-BF4B-00C04F79EFBC}") = "Day5o", "Day5o\Day5o.csproj", "{607B5810-6D60-4B28-A298-F029D74AAC14}"
EndProject
Project("{FAE04EC0-301F-11D3-BF4B-00C04F79EFBC}") = "Day5p", "Day5p\Day5p.csproj", "{5BAFBEEE-3C68-4F54-9641-741EF1436395}"
EndProject
Project("{FAE04EC0-301F-11D3-BF4B-00C04F79EFBC}") = "Day5q", "Day5q\Day5q.csproj", "{532EB70A-B1B0-4022-B5D4-9CF4B67E1114}"
EndProject
Project("{FAE04EC0-301F-11D3-BF4B-00C04F79EFBC}") = "Day6", "Day6\Day6.csproj", "{CF37CE42-F0F7-4A8B-8FCF-5DE319FFEB7D}"
EndProject
Project("{FAE04EC0-301F-11D3-BF4B-00C04F79EFBC}") = "Day6a", "Day6a\Day6a.csproj", "{E489CF25-8C62-4698-A754-7F671B642B9B}"
EndProject
Project("{FAE04EC0-301F-11D3-BF4B-00C04F79EFBC}") = "LatihanSE", "LatihanSE\LatihanSE.csproj", "{F937B188-B880-4ED5-B5F0-ED97DC92B459}"
EndProject
Project("{FAE04EC0-301F-11D3-BF4B-00C04F79EFBC}") = "Day7", "Day7\Day7.csproj", "{21E8BC4E-3230-49AE-8E0F-57CC7738E834}"
EndProject
Project("{FAE04EC0-301F-11D3-BF4B-00C04F79EFBC}") = "Day7a", "Day7a\Day7a.csproj", "{9FE0C87E-5FED-4205-8161-1023D6899D54}"
EndProject
Project("{FAE04EC0-301F-11D3-BF4B-00C04F79EFBC}") = "Day7b", "Day7b\Day7b.csproj", "{41814A13-781C-454D-986F-199CC152920C}"
EndProject
Project("{FAE04EC0-301F-11D3-BF4B-00C04F79EFBC}") = "Day7c", "Day7c\Day7c.csproj", "{96D1865F-2636-4E19-966C-6BD437978F0B}"
EndProject
Project("{FAE04EC0-301F-11D3-BF4B-00C04F79EFBC}") = "Day7d", "Day7d\Day7d.csproj", "{EFC43E91-781E-47A7-A810-4C0F681B0FD0}"
EndProject
Project("{FAE04EC0-301F-11D3-BF4B-00C04F79EFBC}") = "Day7e", "Day7e\Day7e.csproj", "{3C999EA5-4B00-4130-A029-5CA3B358F11E}"
EndProject
Project("{FAE04EC0-301F-11D3-BF4B-00C04F79EFBC}") = "Day7f", "Day7f\Day7f.csproj", "{73AACCDC-4DD1-4681-BF70-C664BB414D78}"
EndProject
Project("{FAE04EC0-301F-11D3-BF4B-00C04F79EFBC}") = "Day7g", "Day7g\Day7g.csproj", "{DEB99267-FCE3-4068-A918-B2601AB6C1E5}"
EndProject
Project("{FAE04EC0-301F-11D3-BF4B-00C04F79EFBC}") = "Day7h", "Day7h\Day7h.csproj", "{2110AD37-145E-46EC-A7A1-DA708064E81E}"
EndProject
Project("{FAE04EC0-301F-11D3-BF4B-00C04F79EFBC}") = "Day7j", "Day7j\Day7j.csproj", "{28883223-5551-4E22-B121-C36E75A1C850}"
EndProject
Project("{FAE04EC0-301F-11D3-BF4B-00C04F79EFBC}") = "Day7k", "Day7k\Day7k.csproj", "{EE3E2DEF-3B21-4948-850A-4692101CAA7B}"
EndProject
Project("{FAE04EC0-301F-11D3-BF4B-00C04F79EFBC}") = "Day7l", "Day7l\Day7l.csproj", "{4DF6E168-F1D9-46A4-BF16-F2B8E0923B85}"
EndProject
Project("{FAE04EC0-301F-11D3-BF4B-00C04F79EFBC}") = "Day8", "Day8\Day8.csproj", "{D6CED894-CB04-4FB3-B57E-5F436073E7CB}"
EndProject
Project("{FAE04EC0-301F-11D3-BF4B-00C04F79EFBC}") = "Day8a", "Day8a\Day8a.csproj", "{5633C868-47A9-45BD-8185-5C69F65D7C9A}"
EndProject
Project("{FAE04EC0-301F-11D3-BF4B-00C04F79EFBC}") = "Day8b", "Day8b\Day8b.csproj", "{1C2442B1-BDC2-4285-8A8A-E1333956B38C}"
EndProject
Project("{FAE04EC0-301F-11D3-BF4B-00C04F79EFBC}") = "Day8c", "Day8c\Day8c.csproj", "{DE49CD6A-001F-440B-86F4-F9A9F5BE03A3}"
EndProject
Project("{FAE04EC0-301F-11D3-BF4B-00C04F79EFBC}") = "Day8d", "Day8d\Day8d.csproj", "{CE2DDEE0-A02A-48FF-8B85-6092431B5466}"
EndProject
Project("{FAE04EC0-301F-11D3-BF4B-00C04F79EFBC}") = "Day8e", "Day8e\Day8e.csproj", "{8E252592-53DF-4031-A180-B5076EA59252}"
EndProject
Project("{FAE04EC0-301F-11D3-BF4B-00C04F79EFBC}") = "Day8f", "Day8f\Day8f.csproj", "{0F209AC4-EEE5-4E48-A537-6DD41F81FCD6}"
EndProject
Project("{FAE04EC0-301F-11D3-BF4B-00C04F79EFBC}") = "Day8g", "Day8g\Day8g.csproj", "{A0E30ED7-4F22-4DCD-832B-6009531F32BE}"
EndProject
Project("{2150E333-8FDC-42A3-9474-1A3956D46DE8}") = "Day17", "Day17", "{D028D526-4403-42A9-BE93-3D25E213AEDB}"
EndProject
Project("{FAE04EC0-301F-11D3-BF4B-00C04F79EFBC}") = "D_DebuggerTutorial", "Day17\D_DebuggerTutorial\D_DebuggerTutorial.csproj", "{52B720A2-4564-4F94-A9F4-CD6479CF2579}"
EndProject
Project("{2150E333-8FDC-42A3-9474-1A3956D46DE8}") = "Day18", "Day18", "{2B408E1D-A28C-456E-8640-7989AFED738A}"
	ProjectSection(SolutionItems) = preProject
	EndProjectSection
EndProject
Project("{FAE04EC0-301F-11D3-BF4B-00C04F79EFBC}") = "00AsyncFile", "Day18\00AsyncFile\00AsyncFile.csproj", "{DE825310-08F3-45A2-898A-8E2921DDD585}"
EndProject
Project("{FAE04EC0-301F-11D3-BF4B-00C04F79EFBC}") = "00Binary", "Day18\00Binary\00Binary.csproj", "{1EB6039D-77B1-48CB-A6E7-D57D4F146914}"
EndProject
Project("{FAE04EC0-301F-11D3-BF4B-00C04F79EFBC}") = "00Directory", "Day18\00Directory\00Directory.csproj", "{AA22A4F7-D275-40B3-8410-A59F45AF9DDA}"
EndProject
Project("{FAE04EC0-301F-11D3-BF4B-00C04F79EFBC}") = "00File", "Day18\00File\00File.csproj", "{28A2ECFC-EA8A-4678-9EAC-1CDFC472CBFD}"
EndProject
Project("{FAE04EC0-301F-11D3-BF4B-00C04F79EFBC}") = "00FileStreamBuffer", "Day18\00FileStreamBuffer\00FileStreamBuffer.csproj", "{1BEC19E0-0B5D-4C4F-8F89-56EE7D8AFABC}"
EndProject
Project("{FAE04EC0-301F-11D3-BF4B-00C04F79EFBC}") = "A_FileStream", "Day18\A_FileStream\A_FileStream.csproj", "{B45E82DB-CAE9-42C5-BB78-45E65044D875}"
EndProject
Project("{FAE04EC0-301F-11D3-BF4B-00C04F79EFBC}") = "B_FileStreamOpen", "Day18\B_FileStreamOpen\B_FileStreamOpen.csproj", "{881411C2-10D5-49EE-96B9-61CA83314F3D}"
EndProject
Project("{FAE04EC0-301F-11D3-BF4B-00C04F79EFBC}") = "B_FileStreamWrite", "Day18\B_FileStreamWrite\B_FileStreamWrite.csproj", "{5569EA9B-0F8E-47D0-8E6A-0BB76715ED63}"
EndProject
Project("{FAE04EC0-301F-11D3-BF4B-00C04F79EFBC}") = "C_FileStreamReader", "Day18\C_FileStreamReader\C_FileStreamReader.csproj", "{1552FB64-A304-4117-BE70-DDCC6B38C0E1}"
EndProject
Project("{FAE04EC0-301F-11D3-BF4B-00C04F79EFBC}") = "D_StreamWritervsReader", "Day18\D_StreamWritervsReader\D_StreamWritervsReader.csproj", "{AE0C3A7D-C8DC-4529-83BE-8273135FFA0E}"
EndProject
Project("{FAE04EC0-301F-11D3-BF4B-00C04F79EFBC}") = "E_StreamWriter", "Day18\E_StreamWriter\E_StreamWriter.csproj", "{BC9C48C4-5964-4BDA-AE01-840E45BCE142}"
EndProject
Project("{FAE04EC0-301F-11D3-BF4B-00C04F79EFBC}") = "E_StreamWriterUsing", "Day18\E_StreamWriterUsing\E_StreamWriterUsing.csproj", "{9F68F136-DF9A-455D-A4A1-EEF3223E2080}"
EndProject
Project("{FAE04EC0-301F-11D3-BF4B-00C04F79EFBC}") = "F_StreamReader", "Day18\F_StreamReader\F_StreamReader.csproj", "{81D56E41-45B8-4662-AAF1-F6D4B79F9AE6}"
EndProject
Project("{FAE04EC0-301F-11D3-BF4B-00C04F79EFBC}") = "F_StreamReaderReadToEnd", "Day18\F_StreamReaderReadToEnd\F_StreamReaderReadToEnd.csproj", "{2F5590D0-87D2-4640-AF38-88F2C65F3EE9}"
EndProject
Project("{FAE04EC0-301F-11D3-BF4B-00C04F79EFBC}") = "G_FileInfo", "Day18\G_FileInfo\G_FileInfo.csproj", "{EAC18EC6-7B06-4432-BBEF-B6D2B65B5CBB}"
EndProject
Project("{FAE04EC0-301F-11D3-BF4B-00C04F79EFBC}") = "G_FileInfo_Delete", "Day18\G_FileInfo_Delete\G_FileInfo_Delete.csproj", "{F2E8D939-5AD5-4E9E-9314-4237C05E4C4C}"
EndProject
Project("{FAE04EC0-301F-11D3-BF4B-00C04F79EFBC}") = "G_FileInfoCreateText", "Day18\G_FileInfoCreateText\G_FileInfoCreateText.csproj", "{BAE6BE25-CB6F-4865-8C8E-A726B5C72D09}"
EndProject
Project("{FAE04EC0-301F-11D3-BF4B-00C04F79EFBC}") = "H_FileInformation", "Day18\H_FileInformation\H_FileInformation.csproj", "{A6B0F0AB-4ACE-4580-8809-D5193CE0A45E}"
EndProject
Project("{FAE04EC0-301F-11D3-BF4B-00C04F79EFBC}") = "OPT_ComparisonFilevsStream", "Day18\OPT_ComparisonFilevsStream\OPT_ComparisonFilevsStream.csproj", "{A7775057-E13F-4677-8529-8343C6C4F956}"
EndProject
Project("{FAE04EC0-301F-11D3-BF4B-00C04F79EFBC}") = "Trial", "Day18\Trial\Trial.csproj", "{B1E0083A-EF8F-4DA4-93A2-08B60B48ABED}"
EndProject
Project("{FAE04EC0-301F-11D3-BF4B-00C04F79EFBC}") = "Monopoly", "Monopoly\Monopoly.csproj", "{708260CB-5F7D-4D00-9A29-10A107EC337A}"
EndProject
Global
	GlobalSection(SolutionConfigurationPlatforms) = preSolution
		Debug|Any CPU = Debug|Any CPU
		Release|Any CPU = Release|Any CPU
	EndGlobalSection
	GlobalSection(SolutionProperties) = preSolution
		HideSolutionNode = FALSE
	EndGlobalSection
	GlobalSection(ProjectConfigurationPlatforms) = postSolution
		{3B5297DC-9110-45C8-8487-8A0749688435}.Debug|Any CPU.ActiveCfg = Debug|Any CPU
		{3B5297DC-9110-45C8-8487-8A0749688435}.Debug|Any CPU.Build.0 = Debug|Any CPU
		{3B5297DC-9110-45C8-8487-8A0749688435}.Release|Any CPU.ActiveCfg = Release|Any CPU
		{3B5297DC-9110-45C8-8487-8A0749688435}.Release|Any CPU.Build.0 = Release|Any CPU
		{73E077AD-1B79-4D1F-AC59-FA3485295D65}.Debug|Any CPU.ActiveCfg = Debug|Any CPU
		{73E077AD-1B79-4D1F-AC59-FA3485295D65}.Debug|Any CPU.Build.0 = Debug|Any CPU
		{73E077AD-1B79-4D1F-AC59-FA3485295D65}.Release|Any CPU.ActiveCfg = Release|Any CPU
		{73E077AD-1B79-4D1F-AC59-FA3485295D65}.Release|Any CPU.Build.0 = Release|Any CPU
		{7EE6D5EC-CA72-43B5-BCAD-E97C73939B2C}.Debug|Any CPU.ActiveCfg = Debug|Any CPU
		{7EE6D5EC-CA72-43B5-BCAD-E97C73939B2C}.Debug|Any CPU.Build.0 = Debug|Any CPU
		{7EE6D5EC-CA72-43B5-BCAD-E97C73939B2C}.Release|Any CPU.ActiveCfg = Release|Any CPU
		{7EE6D5EC-CA72-43B5-BCAD-E97C73939B2C}.Release|Any CPU.Build.0 = Release|Any CPU
		{0E2716A3-343F-42E3-98C1-DE1AB0504BEC}.Debug|Any CPU.ActiveCfg = Debug|Any CPU
		{0E2716A3-343F-42E3-98C1-DE1AB0504BEC}.Debug|Any CPU.Build.0 = Debug|Any CPU
		{0E2716A3-343F-42E3-98C1-DE1AB0504BEC}.Release|Any CPU.ActiveCfg = Release|Any CPU
		{0E2716A3-343F-42E3-98C1-DE1AB0504BEC}.Release|Any CPU.Build.0 = Release|Any CPU
		{E29A0F2B-8C02-4A79-9A08-D4FC3ADF6EAC}.Debug|Any CPU.ActiveCfg = Debug|Any CPU
		{E29A0F2B-8C02-4A79-9A08-D4FC3ADF6EAC}.Debug|Any CPU.Build.0 = Debug|Any CPU
		{E29A0F2B-8C02-4A79-9A08-D4FC3ADF6EAC}.Release|Any CPU.ActiveCfg = Release|Any CPU
		{E29A0F2B-8C02-4A79-9A08-D4FC3ADF6EAC}.Release|Any CPU.Build.0 = Release|Any CPU
		{C2CEEB29-79CF-4974-96AD-30B5B0C4825C}.Debug|Any CPU.ActiveCfg = Debug|Any CPU
		{C2CEEB29-79CF-4974-96AD-30B5B0C4825C}.Debug|Any CPU.Build.0 = Debug|Any CPU
		{C2CEEB29-79CF-4974-96AD-30B5B0C4825C}.Release|Any CPU.ActiveCfg = Release|Any CPU
		{C2CEEB29-79CF-4974-96AD-30B5B0C4825C}.Release|Any CPU.Build.0 = Release|Any CPU
		{578E3196-1665-4EC3-838B-F5778ED65A06}.Debug|Any CPU.ActiveCfg = Debug|Any CPU
		{578E3196-1665-4EC3-838B-F5778ED65A06}.Debug|Any CPU.Build.0 = Debug|Any CPU
		{578E3196-1665-4EC3-838B-F5778ED65A06}.Release|Any CPU.ActiveCfg = Release|Any CPU
		{578E3196-1665-4EC3-838B-F5778ED65A06}.Release|Any CPU.Build.0 = Release|Any CPU
		{C60373BD-A8C4-4137-B48E-56356578878E}.Debug|Any CPU.ActiveCfg = Debug|Any CPU
		{C60373BD-A8C4-4137-B48E-56356578878E}.Debug|Any CPU.Build.0 = Debug|Any CPU
		{C60373BD-A8C4-4137-B48E-56356578878E}.Release|Any CPU.ActiveCfg = Release|Any CPU
		{C60373BD-A8C4-4137-B48E-56356578878E}.Release|Any CPU.Build.0 = Release|Any CPU
		{B989764C-9AEE-4EBB-8B0A-48FC3E8E6561}.Debug|Any CPU.ActiveCfg = Debug|Any CPU
		{B989764C-9AEE-4EBB-8B0A-48FC3E8E6561}.Debug|Any CPU.Build.0 = Debug|Any CPU
		{B989764C-9AEE-4EBB-8B0A-48FC3E8E6561}.Release|Any CPU.ActiveCfg = Release|Any CPU
		{B989764C-9AEE-4EBB-8B0A-48FC3E8E6561}.Release|Any CPU.Build.0 = Release|Any CPU
		{5E945CAE-365E-446F-9187-F99075A4DD3E}.Debug|Any CPU.ActiveCfg = Debug|Any CPU
		{5E945CAE-365E-446F-9187-F99075A4DD3E}.Debug|Any CPU.Build.0 = Debug|Any CPU
		{5E945CAE-365E-446F-9187-F99075A4DD3E}.Release|Any CPU.ActiveCfg = Release|Any CPU
		{5E945CAE-365E-446F-9187-F99075A4DD3E}.Release|Any CPU.Build.0 = Release|Any CPU
		{077AEF05-A1A5-436D-8965-E5A60713C3FD}.Debug|Any CPU.ActiveCfg = Debug|Any CPU
		{077AEF05-A1A5-436D-8965-E5A60713C3FD}.Debug|Any CPU.Build.0 = Debug|Any CPU
		{077AEF05-A1A5-436D-8965-E5A60713C3FD}.Release|Any CPU.ActiveCfg = Release|Any CPU
		{077AEF05-A1A5-436D-8965-E5A60713C3FD}.Release|Any CPU.Build.0 = Release|Any CPU
		{F9F0BD81-1F0B-47D9-B15B-AE0B8FBC698F}.Debug|Any CPU.ActiveCfg = Debug|Any CPU
		{F9F0BD81-1F0B-47D9-B15B-AE0B8FBC698F}.Debug|Any CPU.Build.0 = Debug|Any CPU
		{F9F0BD81-1F0B-47D9-B15B-AE0B8FBC698F}.Release|Any CPU.ActiveCfg = Release|Any CPU
		{F9F0BD81-1F0B-47D9-B15B-AE0B8FBC698F}.Release|Any CPU.Build.0 = Release|Any CPU
		{002D3EF4-3B50-4F5B-8D80-34E5C03B6710}.Debug|Any CPU.ActiveCfg = Debug|Any CPU
		{002D3EF4-3B50-4F5B-8D80-34E5C03B6710}.Debug|Any CPU.Build.0 = Debug|Any CPU
		{002D3EF4-3B50-4F5B-8D80-34E5C03B6710}.Release|Any CPU.ActiveCfg = Release|Any CPU
		{002D3EF4-3B50-4F5B-8D80-34E5C03B6710}.Release|Any CPU.Build.0 = Release|Any CPU
		{51EE1260-3E7D-44CA-A223-24C473494087}.Debug|Any CPU.ActiveCfg = Debug|Any CPU
		{51EE1260-3E7D-44CA-A223-24C473494087}.Debug|Any CPU.Build.0 = Debug|Any CPU
		{51EE1260-3E7D-44CA-A223-24C473494087}.Release|Any CPU.ActiveCfg = Release|Any CPU
		{51EE1260-3E7D-44CA-A223-24C473494087}.Release|Any CPU.Build.0 = Release|Any CPU
		{0A77D7A8-0AE7-4C0C-AB9E-66A233642D4C}.Debug|Any CPU.ActiveCfg = Debug|Any CPU
		{0A77D7A8-0AE7-4C0C-AB9E-66A233642D4C}.Debug|Any CPU.Build.0 = Debug|Any CPU
		{0A77D7A8-0AE7-4C0C-AB9E-66A233642D4C}.Release|Any CPU.ActiveCfg = Release|Any CPU
		{0A77D7A8-0AE7-4C0C-AB9E-66A233642D4C}.Release|Any CPU.Build.0 = Release|Any CPU
		{B521E15D-ED04-4770-AB9B-B30CC0AFEF1C}.Debug|Any CPU.ActiveCfg = Debug|Any CPU
		{B521E15D-ED04-4770-AB9B-B30CC0AFEF1C}.Debug|Any CPU.Build.0 = Debug|Any CPU
		{B521E15D-ED04-4770-AB9B-B30CC0AFEF1C}.Release|Any CPU.ActiveCfg = Release|Any CPU
		{B521E15D-ED04-4770-AB9B-B30CC0AFEF1C}.Release|Any CPU.Build.0 = Release|Any CPU
		{56BDAFD9-1807-440B-B397-E20711B3D901}.Debug|Any CPU.ActiveCfg = Debug|Any CPU
		{56BDAFD9-1807-440B-B397-E20711B3D901}.Debug|Any CPU.Build.0 = Debug|Any CPU
		{56BDAFD9-1807-440B-B397-E20711B3D901}.Release|Any CPU.ActiveCfg = Release|Any CPU
		{56BDAFD9-1807-440B-B397-E20711B3D901}.Release|Any CPU.Build.0 = Release|Any CPU
		{434035CD-4AFC-48BE-94CE-25E4B729FAA2}.Debug|Any CPU.ActiveCfg = Debug|Any CPU
		{434035CD-4AFC-48BE-94CE-25E4B729FAA2}.Debug|Any CPU.Build.0 = Debug|Any CPU
		{434035CD-4AFC-48BE-94CE-25E4B729FAA2}.Release|Any CPU.ActiveCfg = Release|Any CPU
		{434035CD-4AFC-48BE-94CE-25E4B729FAA2}.Release|Any CPU.Build.0 = Release|Any CPU
		{F9C9C42C-0183-499B-936A-42180E862CC1}.Debug|Any CPU.ActiveCfg = Debug|Any CPU
		{F9C9C42C-0183-499B-936A-42180E862CC1}.Debug|Any CPU.Build.0 = Debug|Any CPU
		{F9C9C42C-0183-499B-936A-42180E862CC1}.Release|Any CPU.ActiveCfg = Release|Any CPU
		{F9C9C42C-0183-499B-936A-42180E862CC1}.Release|Any CPU.Build.0 = Release|Any CPU
		{879F7359-F507-4F3B-920B-1E1130E0CB20}.Debug|Any CPU.ActiveCfg = Debug|Any CPU
		{879F7359-F507-4F3B-920B-1E1130E0CB20}.Debug|Any CPU.Build.0 = Debug|Any CPU
		{879F7359-F507-4F3B-920B-1E1130E0CB20}.Release|Any CPU.ActiveCfg = Release|Any CPU
		{879F7359-F507-4F3B-920B-1E1130E0CB20}.Release|Any CPU.Build.0 = Release|Any CPU
		{92FA84C1-BDED-4FBF-9DF5-1CC4DD6F43F2}.Debug|Any CPU.ActiveCfg = Debug|Any CPU
		{92FA84C1-BDED-4FBF-9DF5-1CC4DD6F43F2}.Debug|Any CPU.Build.0 = Debug|Any CPU
		{92FA84C1-BDED-4FBF-9DF5-1CC4DD6F43F2}.Release|Any CPU.ActiveCfg = Release|Any CPU
		{92FA84C1-BDED-4FBF-9DF5-1CC4DD6F43F2}.Release|Any CPU.Build.0 = Release|Any CPU
		{567FB775-BB8D-423A-8790-CDEE52DBBF9F}.Debug|Any CPU.ActiveCfg = Debug|Any CPU
		{567FB775-BB8D-423A-8790-CDEE52DBBF9F}.Debug|Any CPU.Build.0 = Debug|Any CPU
		{567FB775-BB8D-423A-8790-CDEE52DBBF9F}.Release|Any CPU.ActiveCfg = Release|Any CPU
		{567FB775-BB8D-423A-8790-CDEE52DBBF9F}.Release|Any CPU.Build.0 = Release|Any CPU
		{AE029C51-926D-4A76-A162-001ED9D5C9C8}.Debug|Any CPU.ActiveCfg = Debug|Any CPU
		{AE029C51-926D-4A76-A162-001ED9D5C9C8}.Debug|Any CPU.Build.0 = Debug|Any CPU
		{AE029C51-926D-4A76-A162-001ED9D5C9C8}.Release|Any CPU.ActiveCfg = Release|Any CPU
		{AE029C51-926D-4A76-A162-001ED9D5C9C8}.Release|Any CPU.Build.0 = Release|Any CPU
		{899C2349-6EA9-4AB9-93FF-A4172A7140A1}.Debug|Any CPU.ActiveCfg = Debug|Any CPU
		{899C2349-6EA9-4AB9-93FF-A4172A7140A1}.Debug|Any CPU.Build.0 = Debug|Any CPU
		{899C2349-6EA9-4AB9-93FF-A4172A7140A1}.Release|Any CPU.ActiveCfg = Release|Any CPU
		{899C2349-6EA9-4AB9-93FF-A4172A7140A1}.Release|Any CPU.Build.0 = Release|Any CPU
		{0025ACFC-EF18-4032-B01C-052B6DE223E4}.Debug|Any CPU.ActiveCfg = Debug|Any CPU
		{0025ACFC-EF18-4032-B01C-052B6DE223E4}.Debug|Any CPU.Build.0 = Debug|Any CPU
		{0025ACFC-EF18-4032-B01C-052B6DE223E4}.Release|Any CPU.ActiveCfg = Release|Any CPU
		{0025ACFC-EF18-4032-B01C-052B6DE223E4}.Release|Any CPU.Build.0 = Release|Any CPU
		{093C8115-7354-449B-A82E-455832450495}.Debug|Any CPU.ActiveCfg = Debug|Any CPU
		{093C8115-7354-449B-A82E-455832450495}.Debug|Any CPU.Build.0 = Debug|Any CPU
		{093C8115-7354-449B-A82E-455832450495}.Release|Any CPU.ActiveCfg = Release|Any CPU
		{093C8115-7354-449B-A82E-455832450495}.Release|Any CPU.Build.0 = Release|Any CPU
		{A7B689C6-D55D-4AA3-B2E5-E0339884E852}.Debug|Any CPU.ActiveCfg = Debug|Any CPU
		{A7B689C6-D55D-4AA3-B2E5-E0339884E852}.Debug|Any CPU.Build.0 = Debug|Any CPU
		{A7B689C6-D55D-4AA3-B2E5-E0339884E852}.Release|Any CPU.ActiveCfg = Release|Any CPU
		{A7B689C6-D55D-4AA3-B2E5-E0339884E852}.Release|Any CPU.Build.0 = Release|Any CPU
		{C749B159-F375-4B35-AB76-BED7726D0889}.Debug|Any CPU.ActiveCfg = Debug|Any CPU
		{C749B159-F375-4B35-AB76-BED7726D0889}.Debug|Any CPU.Build.0 = Debug|Any CPU
		{C749B159-F375-4B35-AB76-BED7726D0889}.Release|Any CPU.ActiveCfg = Release|Any CPU
		{C749B159-F375-4B35-AB76-BED7726D0889}.Release|Any CPU.Build.0 = Release|Any CPU
		{B85C4F04-4D88-4163-879C-E97C4F634B82}.Debug|Any CPU.ActiveCfg = Debug|Any CPU
		{B85C4F04-4D88-4163-879C-E97C4F634B82}.Debug|Any CPU.Build.0 = Debug|Any CPU
		{B85C4F04-4D88-4163-879C-E97C4F634B82}.Release|Any CPU.ActiveCfg = Release|Any CPU
		{B85C4F04-4D88-4163-879C-E97C4F634B82}.Release|Any CPU.Build.0 = Release|Any CPU
		{58F2BDDB-5412-4307-89B4-212C5CF6EB1A}.Debug|Any CPU.ActiveCfg = Debug|Any CPU
		{58F2BDDB-5412-4307-89B4-212C5CF6EB1A}.Debug|Any CPU.Build.0 = Debug|Any CPU
		{58F2BDDB-5412-4307-89B4-212C5CF6EB1A}.Release|Any CPU.ActiveCfg = Release|Any CPU
		{58F2BDDB-5412-4307-89B4-212C5CF6EB1A}.Release|Any CPU.Build.0 = Release|Any CPU
		{9A03C667-34A5-49B9-A16E-5DDA5986F68C}.Debug|Any CPU.ActiveCfg = Debug|Any CPU
		{9A03C667-34A5-49B9-A16E-5DDA5986F68C}.Debug|Any CPU.Build.0 = Debug|Any CPU
		{9A03C667-34A5-49B9-A16E-5DDA5986F68C}.Release|Any CPU.ActiveCfg = Release|Any CPU
		{9A03C667-34A5-49B9-A16E-5DDA5986F68C}.Release|Any CPU.Build.0 = Release|Any CPU
		{3CCDA22B-8669-4AB1-B31C-EA593E5E9C4B}.Debug|Any CPU.ActiveCfg = Debug|Any CPU
		{3CCDA22B-8669-4AB1-B31C-EA593E5E9C4B}.Debug|Any CPU.Build.0 = Debug|Any CPU
		{3CCDA22B-8669-4AB1-B31C-EA593E5E9C4B}.Release|Any CPU.ActiveCfg = Release|Any CPU
		{3CCDA22B-8669-4AB1-B31C-EA593E5E9C4B}.Release|Any CPU.Build.0 = Release|Any CPU
		{7ADAF3D8-0275-496E-B90B-6A1E1B295000}.Debug|Any CPU.ActiveCfg = Debug|Any CPU
		{7ADAF3D8-0275-496E-B90B-6A1E1B295000}.Debug|Any CPU.Build.0 = Debug|Any CPU
		{7ADAF3D8-0275-496E-B90B-6A1E1B295000}.Release|Any CPU.ActiveCfg = Release|Any CPU
		{7ADAF3D8-0275-496E-B90B-6A1E1B295000}.Release|Any CPU.Build.0 = Release|Any CPU
		{4E8EEA6D-5C35-49AC-B47F-9CC06038AE46}.Debug|Any CPU.ActiveCfg = Debug|Any CPU
		{4E8EEA6D-5C35-49AC-B47F-9CC06038AE46}.Debug|Any CPU.Build.0 = Debug|Any CPU
		{4E8EEA6D-5C35-49AC-B47F-9CC06038AE46}.Release|Any CPU.ActiveCfg = Release|Any CPU
		{4E8EEA6D-5C35-49AC-B47F-9CC06038AE46}.Release|Any CPU.Build.0 = Release|Any CPU
		{A9A9D5BA-30D9-4233-BC58-4B1444436B0F}.Debug|Any CPU.ActiveCfg = Debug|Any CPU
		{A9A9D5BA-30D9-4233-BC58-4B1444436B0F}.Debug|Any CPU.Build.0 = Debug|Any CPU
		{A9A9D5BA-30D9-4233-BC58-4B1444436B0F}.Release|Any CPU.ActiveCfg = Release|Any CPU
		{A9A9D5BA-30D9-4233-BC58-4B1444436B0F}.Release|Any CPU.Build.0 = Release|Any CPU
		{607B5810-6D60-4B28-A298-F029D74AAC14}.Debug|Any CPU.ActiveCfg = Debug|Any CPU
		{607B5810-6D60-4B28-A298-F029D74AAC14}.Debug|Any CPU.Build.0 = Debug|Any CPU
		{607B5810-6D60-4B28-A298-F029D74AAC14}.Release|Any CPU.ActiveCfg = Release|Any CPU
		{607B5810-6D60-4B28-A298-F029D74AAC14}.Release|Any CPU.Build.0 = Release|Any CPU
		{5BAFBEEE-3C68-4F54-9641-741EF1436395}.Debug|Any CPU.ActiveCfg = Debug|Any CPU
		{5BAFBEEE-3C68-4F54-9641-741EF1436395}.Debug|Any CPU.Build.0 = Debug|Any CPU
		{5BAFBEEE-3C68-4F54-9641-741EF1436395}.Release|Any CPU.ActiveCfg = Release|Any CPU
		{5BAFBEEE-3C68-4F54-9641-741EF1436395}.Release|Any CPU.Build.0 = Release|Any CPU
		{532EB70A-B1B0-4022-B5D4-9CF4B67E1114}.Debug|Any CPU.ActiveCfg = Debug|Any CPU
		{532EB70A-B1B0-4022-B5D4-9CF4B67E1114}.Debug|Any CPU.Build.0 = Debug|Any CPU
		{532EB70A-B1B0-4022-B5D4-9CF4B67E1114}.Release|Any CPU.ActiveCfg = Release|Any CPU
		{532EB70A-B1B0-4022-B5D4-9CF4B67E1114}.Release|Any CPU.Build.0 = Release|Any CPU
		{CF37CE42-F0F7-4A8B-8FCF-5DE319FFEB7D}.Debug|Any CPU.ActiveCfg = Debug|Any CPU
		{CF37CE42-F0F7-4A8B-8FCF-5DE319FFEB7D}.Debug|Any CPU.Build.0 = Debug|Any CPU
		{CF37CE42-F0F7-4A8B-8FCF-5DE319FFEB7D}.Release|Any CPU.ActiveCfg = Release|Any CPU
		{CF37CE42-F0F7-4A8B-8FCF-5DE319FFEB7D}.Release|Any CPU.Build.0 = Release|Any CPU
		{E489CF25-8C62-4698-A754-7F671B642B9B}.Debug|Any CPU.ActiveCfg = Debug|Any CPU
		{E489CF25-8C62-4698-A754-7F671B642B9B}.Debug|Any CPU.Build.0 = Debug|Any CPU
		{E489CF25-8C62-4698-A754-7F671B642B9B}.Release|Any CPU.ActiveCfg = Release|Any CPU
		{E489CF25-8C62-4698-A754-7F671B642B9B}.Release|Any CPU.Build.0 = Release|Any CPU
		{F937B188-B880-4ED5-B5F0-ED97DC92B459}.Debug|Any CPU.ActiveCfg = Debug|Any CPU
		{F937B188-B880-4ED5-B5F0-ED97DC92B459}.Debug|Any CPU.Build.0 = Debug|Any CPU
		{F937B188-B880-4ED5-B5F0-ED97DC92B459}.Release|Any CPU.ActiveCfg = Release|Any CPU
		{F937B188-B880-4ED5-B5F0-ED97DC92B459}.Release|Any CPU.Build.0 = Release|Any CPU
		{21E8BC4E-3230-49AE-8E0F-57CC7738E834}.Debug|Any CPU.ActiveCfg = Debug|Any CPU
		{21E8BC4E-3230-49AE-8E0F-57CC7738E834}.Debug|Any CPU.Build.0 = Debug|Any CPU
		{21E8BC4E-3230-49AE-8E0F-57CC7738E834}.Release|Any CPU.ActiveCfg = Release|Any CPU
		{21E8BC4E-3230-49AE-8E0F-57CC7738E834}.Release|Any CPU.Build.0 = Release|Any CPU
		{9FE0C87E-5FED-4205-8161-1023D6899D54}.Debug|Any CPU.ActiveCfg = Debug|Any CPU
		{9FE0C87E-5FED-4205-8161-1023D6899D54}.Debug|Any CPU.Build.0 = Debug|Any CPU
		{9FE0C87E-5FED-4205-8161-1023D6899D54}.Release|Any CPU.ActiveCfg = Release|Any CPU
		{9FE0C87E-5FED-4205-8161-1023D6899D54}.Release|Any CPU.Build.0 = Release|Any CPU
		{41814A13-781C-454D-986F-199CC152920C}.Debug|Any CPU.ActiveCfg = Debug|Any CPU
		{41814A13-781C-454D-986F-199CC152920C}.Debug|Any CPU.Build.0 = Debug|Any CPU
		{41814A13-781C-454D-986F-199CC152920C}.Release|Any CPU.ActiveCfg = Release|Any CPU
		{41814A13-781C-454D-986F-199CC152920C}.Release|Any CPU.Build.0 = Release|Any CPU
		{96D1865F-2636-4E19-966C-6BD437978F0B}.Debug|Any CPU.ActiveCfg = Debug|Any CPU
		{96D1865F-2636-4E19-966C-6BD437978F0B}.Debug|Any CPU.Build.0 = Debug|Any CPU
		{96D1865F-2636-4E19-966C-6BD437978F0B}.Release|Any CPU.ActiveCfg = Release|Any CPU
		{96D1865F-2636-4E19-966C-6BD437978F0B}.Release|Any CPU.Build.0 = Release|Any CPU
		{EFC43E91-781E-47A7-A810-4C0F681B0FD0}.Debug|Any CPU.ActiveCfg = Debug|Any CPU
		{EFC43E91-781E-47A7-A810-4C0F681B0FD0}.Debug|Any CPU.Build.0 = Debug|Any CPU
		{EFC43E91-781E-47A7-A810-4C0F681B0FD0}.Release|Any CPU.ActiveCfg = Release|Any CPU
		{EFC43E91-781E-47A7-A810-4C0F681B0FD0}.Release|Any CPU.Build.0 = Release|Any CPU
		{3C999EA5-4B00-4130-A029-5CA3B358F11E}.Debug|Any CPU.ActiveCfg = Debug|Any CPU
		{3C999EA5-4B00-4130-A029-5CA3B358F11E}.Debug|Any CPU.Build.0 = Debug|Any CPU
		{3C999EA5-4B00-4130-A029-5CA3B358F11E}.Release|Any CPU.ActiveCfg = Release|Any CPU
		{3C999EA5-4B00-4130-A029-5CA3B358F11E}.Release|Any CPU.Build.0 = Release|Any CPU
		{73AACCDC-4DD1-4681-BF70-C664BB414D78}.Debug|Any CPU.ActiveCfg = Debug|Any CPU
		{73AACCDC-4DD1-4681-BF70-C664BB414D78}.Debug|Any CPU.Build.0 = Debug|Any CPU
		{73AACCDC-4DD1-4681-BF70-C664BB414D78}.Release|Any CPU.ActiveCfg = Release|Any CPU
		{73AACCDC-4DD1-4681-BF70-C664BB414D78}.Release|Any CPU.Build.0 = Release|Any CPU
		{DEB99267-FCE3-4068-A918-B2601AB6C1E5}.Debug|Any CPU.ActiveCfg = Debug|Any CPU
		{DEB99267-FCE3-4068-A918-B2601AB6C1E5}.Debug|Any CPU.Build.0 = Debug|Any CPU
		{DEB99267-FCE3-4068-A918-B2601AB6C1E5}.Release|Any CPU.ActiveCfg = Release|Any CPU
		{DEB99267-FCE3-4068-A918-B2601AB6C1E5}.Release|Any CPU.Build.0 = Release|Any CPU
		{2110AD37-145E-46EC-A7A1-DA708064E81E}.Debug|Any CPU.ActiveCfg = Debug|Any CPU
		{2110AD37-145E-46EC-A7A1-DA708064E81E}.Debug|Any CPU.Build.0 = Debug|Any CPU
		{2110AD37-145E-46EC-A7A1-DA708064E81E}.Release|Any CPU.ActiveCfg = Release|Any CPU
		{2110AD37-145E-46EC-A7A1-DA708064E81E}.Release|Any CPU.Build.0 = Release|Any CPU
		{28883223-5551-4E22-B121-C36E75A1C850}.Debug|Any CPU.ActiveCfg = Debug|Any CPU
		{28883223-5551-4E22-B121-C36E75A1C850}.Debug|Any CPU.Build.0 = Debug|Any CPU
		{28883223-5551-4E22-B121-C36E75A1C850}.Release|Any CPU.ActiveCfg = Release|Any CPU
		{28883223-5551-4E22-B121-C36E75A1C850}.Release|Any CPU.Build.0 = Release|Any CPU
		{EE3E2DEF-3B21-4948-850A-4692101CAA7B}.Debug|Any CPU.ActiveCfg = Debug|Any CPU
		{EE3E2DEF-3B21-4948-850A-4692101CAA7B}.Debug|Any CPU.Build.0 = Debug|Any CPU
		{EE3E2DEF-3B21-4948-850A-4692101CAA7B}.Release|Any CPU.ActiveCfg = Release|Any CPU
		{EE3E2DEF-3B21-4948-850A-4692101CAA7B}.Release|Any CPU.Build.0 = Release|Any CPU
		{4DF6E168-F1D9-46A4-BF16-F2B8E0923B85}.Debug|Any CPU.ActiveCfg = Debug|Any CPU
		{4DF6E168-F1D9-46A4-BF16-F2B8E0923B85}.Debug|Any CPU.Build.0 = Debug|Any CPU
		{4DF6E168-F1D9-46A4-BF16-F2B8E0923B85}.Release|Any CPU.ActiveCfg = Release|Any CPU
		{4DF6E168-F1D9-46A4-BF16-F2B8E0923B85}.Release|Any CPU.Build.0 = Release|Any CPU
		{D6CED894-CB04-4FB3-B57E-5F436073E7CB}.Debug|Any CPU.ActiveCfg = Debug|Any CPU
		{D6CED894-CB04-4FB3-B57E-5F436073E7CB}.Debug|Any CPU.Build.0 = Debug|Any CPU
		{D6CED894-CB04-4FB3-B57E-5F436073E7CB}.Release|Any CPU.ActiveCfg = Release|Any CPU
		{D6CED894-CB04-4FB3-B57E-5F436073E7CB}.Release|Any CPU.Build.0 = Release|Any CPU
		{5633C868-47A9-45BD-8185-5C69F65D7C9A}.Debug|Any CPU.ActiveCfg = Debug|Any CPU
		{5633C868-47A9-45BD-8185-5C69F65D7C9A}.Debug|Any CPU.Build.0 = Debug|Any CPU
		{5633C868-47A9-45BD-8185-5C69F65D7C9A}.Release|Any CPU.ActiveCfg = Release|Any CPU
		{5633C868-47A9-45BD-8185-5C69F65D7C9A}.Release|Any CPU.Build.0 = Release|Any CPU
		{1C2442B1-BDC2-4285-8A8A-E1333956B38C}.Debug|Any CPU.ActiveCfg = Debug|Any CPU
		{1C2442B1-BDC2-4285-8A8A-E1333956B38C}.Debug|Any CPU.Build.0 = Debug|Any CPU
		{1C2442B1-BDC2-4285-8A8A-E1333956B38C}.Release|Any CPU.ActiveCfg = Release|Any CPU
		{1C2442B1-BDC2-4285-8A8A-E1333956B38C}.Release|Any CPU.Build.0 = Release|Any CPU
		{DE49CD6A-001F-440B-86F4-F9A9F5BE03A3}.Debug|Any CPU.ActiveCfg = Debug|Any CPU
		{DE49CD6A-001F-440B-86F4-F9A9F5BE03A3}.Debug|Any CPU.Build.0 = Debug|Any CPU
		{DE49CD6A-001F-440B-86F4-F9A9F5BE03A3}.Release|Any CPU.ActiveCfg = Release|Any CPU
		{DE49CD6A-001F-440B-86F4-F9A9F5BE03A3}.Release|Any CPU.Build.0 = Release|Any CPU
		{CE2DDEE0-A02A-48FF-8B85-6092431B5466}.Debug|Any CPU.ActiveCfg = Debug|Any CPU
		{CE2DDEE0-A02A-48FF-8B85-6092431B5466}.Debug|Any CPU.Build.0 = Debug|Any CPU
		{CE2DDEE0-A02A-48FF-8B85-6092431B5466}.Release|Any CPU.ActiveCfg = Release|Any CPU
		{CE2DDEE0-A02A-48FF-8B85-6092431B5466}.Release|Any CPU.Build.0 = Release|Any CPU
		{8E252592-53DF-4031-A180-B5076EA59252}.Debug|Any CPU.ActiveCfg = Debug|Any CPU
		{8E252592-53DF-4031-A180-B5076EA59252}.Debug|Any CPU.Build.0 = Debug|Any CPU
		{8E252592-53DF-4031-A180-B5076EA59252}.Release|Any CPU.ActiveCfg = Release|Any CPU
		{8E252592-53DF-4031-A180-B5076EA59252}.Release|Any CPU.Build.0 = Release|Any CPU
		{0F209AC4-EEE5-4E48-A537-6DD41F81FCD6}.Debug|Any CPU.ActiveCfg = Debug|Any CPU
		{0F209AC4-EEE5-4E48-A537-6DD41F81FCD6}.Debug|Any CPU.Build.0 = Debug|Any CPU
		{0F209AC4-EEE5-4E48-A537-6DD41F81FCD6}.Release|Any CPU.ActiveCfg = Release|Any CPU
		{0F209AC4-EEE5-4E48-A537-6DD41F81FCD6}.Release|Any CPU.Build.0 = Release|Any CPU
		{A0E30ED7-4F22-4DCD-832B-6009531F32BE}.Debug|Any CPU.ActiveCfg = Debug|Any CPU
		{A0E30ED7-4F22-4DCD-832B-6009531F32BE}.Debug|Any CPU.Build.0 = Debug|Any CPU
		{A0E30ED7-4F22-4DCD-832B-6009531F32BE}.Release|Any CPU.ActiveCfg = Release|Any CPU
		{A0E30ED7-4F22-4DCD-832B-6009531F32BE}.Release|Any CPU.Build.0 = Release|Any CPU
		{52B720A2-4564-4F94-A9F4-CD6479CF2579}.Debug|Any CPU.ActiveCfg = Debug|Any CPU
		{52B720A2-4564-4F94-A9F4-CD6479CF2579}.Debug|Any CPU.Build.0 = Debug|Any CPU
		{52B720A2-4564-4F94-A9F4-CD6479CF2579}.Release|Any CPU.ActiveCfg = Release|Any CPU
		{52B720A2-4564-4F94-A9F4-CD6479CF2579}.Release|Any CPU.Build.0 = Release|Any CPU
		{DE825310-08F3-45A2-898A-8E2921DDD585}.Debug|Any CPU.ActiveCfg = Debug|Any CPU
		{DE825310-08F3-45A2-898A-8E2921DDD585}.Debug|Any CPU.Build.0 = Debug|Any CPU
		{DE825310-08F3-45A2-898A-8E2921DDD585}.Release|Any CPU.ActiveCfg = Release|Any CPU
		{DE825310-08F3-45A2-898A-8E2921DDD585}.Release|Any CPU.Build.0 = Release|Any CPU
		{1EB6039D-77B1-48CB-A6E7-D57D4F146914}.Debug|Any CPU.ActiveCfg = Debug|Any CPU
		{1EB6039D-77B1-48CB-A6E7-D57D4F146914}.Debug|Any CPU.Build.0 = Debug|Any CPU
		{1EB6039D-77B1-48CB-A6E7-D57D4F146914}.Release|Any CPU.ActiveCfg = Release|Any CPU
		{1EB6039D-77B1-48CB-A6E7-D57D4F146914}.Release|Any CPU.Build.0 = Release|Any CPU
		{AA22A4F7-D275-40B3-8410-A59F45AF9DDA}.Debug|Any CPU.ActiveCfg = Debug|Any CPU
		{AA22A4F7-D275-40B3-8410-A59F45AF9DDA}.Debug|Any CPU.Build.0 = Debug|Any CPU
		{AA22A4F7-D275-40B3-8410-A59F45AF9DDA}.Release|Any CPU.ActiveCfg = Release|Any CPU
		{AA22A4F7-D275-40B3-8410-A59F45AF9DDA}.Release|Any CPU.Build.0 = Release|Any CPU
		{28A2ECFC-EA8A-4678-9EAC-1CDFC472CBFD}.Debug|Any CPU.ActiveCfg = Debug|Any CPU
		{28A2ECFC-EA8A-4678-9EAC-1CDFC472CBFD}.Debug|Any CPU.Build.0 = Debug|Any CPU
		{28A2ECFC-EA8A-4678-9EAC-1CDFC472CBFD}.Release|Any CPU.ActiveCfg = Release|Any CPU
		{28A2ECFC-EA8A-4678-9EAC-1CDFC472CBFD}.Release|Any CPU.Build.0 = Release|Any CPU
		{1BEC19E0-0B5D-4C4F-8F89-56EE7D8AFABC}.Debug|Any CPU.ActiveCfg = Debug|Any CPU
		{1BEC19E0-0B5D-4C4F-8F89-56EE7D8AFABC}.Debug|Any CPU.Build.0 = Debug|Any CPU
		{1BEC19E0-0B5D-4C4F-8F89-56EE7D8AFABC}.Release|Any CPU.ActiveCfg = Release|Any CPU
		{1BEC19E0-0B5D-4C4F-8F89-56EE7D8AFABC}.Release|Any CPU.Build.0 = Release|Any CPU
		{B45E82DB-CAE9-42C5-BB78-45E65044D875}.Debug|Any CPU.ActiveCfg = Debug|Any CPU
		{B45E82DB-CAE9-42C5-BB78-45E65044D875}.Debug|Any CPU.Build.0 = Debug|Any CPU
		{B45E82DB-CAE9-42C5-BB78-45E65044D875}.Release|Any CPU.ActiveCfg = Release|Any CPU
		{B45E82DB-CAE9-42C5-BB78-45E65044D875}.Release|Any CPU.Build.0 = Release|Any CPU
		{881411C2-10D5-49EE-96B9-61CA83314F3D}.Debug|Any CPU.ActiveCfg = Debug|Any CPU
		{881411C2-10D5-49EE-96B9-61CA83314F3D}.Debug|Any CPU.Build.0 = Debug|Any CPU
		{881411C2-10D5-49EE-96B9-61CA83314F3D}.Release|Any CPU.ActiveCfg = Release|Any CPU
		{881411C2-10D5-49EE-96B9-61CA83314F3D}.Release|Any CPU.Build.0 = Release|Any CPU
		{5569EA9B-0F8E-47D0-8E6A-0BB76715ED63}.Debug|Any CPU.ActiveCfg = Debug|Any CPU
		{5569EA9B-0F8E-47D0-8E6A-0BB76715ED63}.Debug|Any CPU.Build.0 = Debug|Any CPU
		{5569EA9B-0F8E-47D0-8E6A-0BB76715ED63}.Release|Any CPU.ActiveCfg = Release|Any CPU
		{5569EA9B-0F8E-47D0-8E6A-0BB76715ED63}.Release|Any CPU.Build.0 = Release|Any CPU
		{1552FB64-A304-4117-BE70-DDCC6B38C0E1}.Debug|Any CPU.ActiveCfg = Debug|Any CPU
		{1552FB64-A304-4117-BE70-DDCC6B38C0E1}.Debug|Any CPU.Build.0 = Debug|Any CPU
		{1552FB64-A304-4117-BE70-DDCC6B38C0E1}.Release|Any CPU.ActiveCfg = Release|Any CPU
		{1552FB64-A304-4117-BE70-DDCC6B38C0E1}.Release|Any CPU.Build.0 = Release|Any CPU
		{AE0C3A7D-C8DC-4529-83BE-8273135FFA0E}.Debug|Any CPU.ActiveCfg = Debug|Any CPU
		{AE0C3A7D-C8DC-4529-83BE-8273135FFA0E}.Debug|Any CPU.Build.0 = Debug|Any CPU
		{AE0C3A7D-C8DC-4529-83BE-8273135FFA0E}.Release|Any CPU.ActiveCfg = Release|Any CPU
		{AE0C3A7D-C8DC-4529-83BE-8273135FFA0E}.Release|Any CPU.Build.0 = Release|Any CPU
		{BC9C48C4-5964-4BDA-AE01-840E45BCE142}.Debug|Any CPU.ActiveCfg = Debug|Any CPU
		{BC9C48C4-5964-4BDA-AE01-840E45BCE142}.Debug|Any CPU.Build.0 = Debug|Any CPU
		{BC9C48C4-5964-4BDA-AE01-840E45BCE142}.Release|Any CPU.ActiveCfg = Release|Any CPU
		{BC9C48C4-5964-4BDA-AE01-840E45BCE142}.Release|Any CPU.Build.0 = Release|Any CPU
		{9F68F136-DF9A-455D-A4A1-EEF3223E2080}.Debug|Any CPU.ActiveCfg = Debug|Any CPU
		{9F68F136-DF9A-455D-A4A1-EEF3223E2080}.Debug|Any CPU.Build.0 = Debug|Any CPU
		{9F68F136-DF9A-455D-A4A1-EEF3223E2080}.Release|Any CPU.ActiveCfg = Release|Any CPU
		{9F68F136-DF9A-455D-A4A1-EEF3223E2080}.Release|Any CPU.Build.0 = Release|Any CPU
		{81D56E41-45B8-4662-AAF1-F6D4B79F9AE6}.Debug|Any CPU.ActiveCfg = Debug|Any CPU
		{81D56E41-45B8-4662-AAF1-F6D4B79F9AE6}.Debug|Any CPU.Build.0 = Debug|Any CPU
		{81D56E41-45B8-4662-AAF1-F6D4B79F9AE6}.Release|Any CPU.ActiveCfg = Release|Any CPU
		{81D56E41-45B8-4662-AAF1-F6D4B79F9AE6}.Release|Any CPU.Build.0 = Release|Any CPU
		{2F5590D0-87D2-4640-AF38-88F2C65F3EE9}.Debug|Any CPU.ActiveCfg = Debug|Any CPU
		{2F5590D0-87D2-4640-AF38-88F2C65F3EE9}.Debug|Any CPU.Build.0 = Debug|Any CPU
		{2F5590D0-87D2-4640-AF38-88F2C65F3EE9}.Release|Any CPU.ActiveCfg = Release|Any CPU
		{2F5590D0-87D2-4640-AF38-88F2C65F3EE9}.Release|Any CPU.Build.0 = Release|Any CPU
		{EAC18EC6-7B06-4432-BBEF-B6D2B65B5CBB}.Debug|Any CPU.ActiveCfg = Debug|Any CPU
		{EAC18EC6-7B06-4432-BBEF-B6D2B65B5CBB}.Debug|Any CPU.Build.0 = Debug|Any CPU
		{EAC18EC6-7B06-4432-BBEF-B6D2B65B5CBB}.Release|Any CPU.ActiveCfg = Release|Any CPU
		{EAC18EC6-7B06-4432-BBEF-B6D2B65B5CBB}.Release|Any CPU.Build.0 = Release|Any CPU
		{F2E8D939-5AD5-4E9E-9314-4237C05E4C4C}.Debug|Any CPU.ActiveCfg = Debug|Any CPU
		{F2E8D939-5AD5-4E9E-9314-4237C05E4C4C}.Debug|Any CPU.Build.0 = Debug|Any CPU
		{F2E8D939-5AD5-4E9E-9314-4237C05E4C4C}.Release|Any CPU.ActiveCfg = Release|Any CPU
		{F2E8D939-5AD5-4E9E-9314-4237C05E4C4C}.Release|Any CPU.Build.0 = Release|Any CPU
		{BAE6BE25-CB6F-4865-8C8E-A726B5C72D09}.Debug|Any CPU.ActiveCfg = Debug|Any CPU
		{BAE6BE25-CB6F-4865-8C8E-A726B5C72D09}.Debug|Any CPU.Build.0 = Debug|Any CPU
		{BAE6BE25-CB6F-4865-8C8E-A726B5C72D09}.Release|Any CPU.ActiveCfg = Release|Any CPU
		{BAE6BE25-CB6F-4865-8C8E-A726B5C72D09}.Release|Any CPU.Build.0 = Release|Any CPU
		{A6B0F0AB-4ACE-4580-8809-D5193CE0A45E}.Debug|Any CPU.ActiveCfg = Debug|Any CPU
		{A6B0F0AB-4ACE-4580-8809-D5193CE0A45E}.Debug|Any CPU.Build.0 = Debug|Any CPU
		{A6B0F0AB-4ACE-4580-8809-D5193CE0A45E}.Release|Any CPU.ActiveCfg = Release|Any CPU
		{A6B0F0AB-4ACE-4580-8809-D5193CE0A45E}.Release|Any CPU.Build.0 = Release|Any CPU
		{A7775057-E13F-4677-8529-8343C6C4F956}.Debug|Any CPU.ActiveCfg = Debug|Any CPU
		{A7775057-E13F-4677-8529-8343C6C4F956}.Debug|Any CPU.Build.0 = Debug|Any CPU
		{A7775057-E13F-4677-8529-8343C6C4F956}.Release|Any CPU.ActiveCfg = Release|Any CPU
		{A7775057-E13F-4677-8529-8343C6C4F956}.Release|Any CPU.Build.0 = Release|Any CPU
		{B1E0083A-EF8F-4DA4-93A2-08B60B48ABED}.Debug|Any CPU.ActiveCfg = Debug|Any CPU
		{B1E0083A-EF8F-4DA4-93A2-08B60B48ABED}.Debug|Any CPU.Build.0 = Debug|Any CPU
		{B1E0083A-EF8F-4DA4-93A2-08B60B48ABED}.Release|Any CPU.ActiveCfg = Release|Any CPU
		{B1E0083A-EF8F-4DA4-93A2-08B60B48ABED}.Release|Any CPU.Build.0 = Release|Any CPU
		{708260CB-5F7D-4D00-9A29-10A107EC337A}.Debug|Any CPU.ActiveCfg = Debug|Any CPU
		{708260CB-5F7D-4D00-9A29-10A107EC337A}.Debug|Any CPU.Build.0 = Debug|Any CPU
		{708260CB-5F7D-4D00-9A29-10A107EC337A}.Release|Any CPU.ActiveCfg = Release|Any CPU
		{708260CB-5F7D-4D00-9A29-10A107EC337A}.Release|Any CPU.Build.0 = Release|Any CPU
	EndGlobalSection
	GlobalSection(NestedProjects) = preSolution
		{52B720A2-4564-4F94-A9F4-CD6479CF2579} = {D028D526-4403-42A9-BE93-3D25E213AEDB}
		{DE825310-08F3-45A2-898A-8E2921DDD585} = {2B408E1D-A28C-456E-8640-7989AFED738A}
		{1EB6039D-77B1-48CB-A6E7-D57D4F146914} = {2B408E1D-A28C-456E-8640-7989AFED738A}
		{AA22A4F7-D275-40B3-8410-A59F45AF9DDA} = {2B408E1D-A28C-456E-8640-7989AFED738A}
		{28A2ECFC-EA8A-4678-9EAC-1CDFC472CBFD} = {2B408E1D-A28C-456E-8640-7989AFED738A}
		{1BEC19E0-0B5D-4C4F-8F89-56EE7D8AFABC} = {2B408E1D-A28C-456E-8640-7989AFED738A}
		{B45E82DB-CAE9-42C5-BB78-45E65044D875} = {2B408E1D-A28C-456E-8640-7989AFED738A}
		{881411C2-10D5-49EE-96B9-61CA83314F3D} = {2B408E1D-A28C-456E-8640-7989AFED738A}
		{5569EA9B-0F8E-47D0-8E6A-0BB76715ED63} = {2B408E1D-A28C-456E-8640-7989AFED738A}
		{1552FB64-A304-4117-BE70-DDCC6B38C0E1} = {2B408E1D-A28C-456E-8640-7989AFED738A}
		{AE0C3A7D-C8DC-4529-83BE-8273135FFA0E} = {2B408E1D-A28C-456E-8640-7989AFED738A}
		{BC9C48C4-5964-4BDA-AE01-840E45BCE142} = {2B408E1D-A28C-456E-8640-7989AFED738A}
		{9F68F136-DF9A-455D-A4A1-EEF3223E2080} = {2B408E1D-A28C-456E-8640-7989AFED738A}
		{81D56E41-45B8-4662-AAF1-F6D4B79F9AE6} = {2B408E1D-A28C-456E-8640-7989AFED738A}
		{2F5590D0-87D2-4640-AF38-88F2C65F3EE9} = {2B408E1D-A28C-456E-8640-7989AFED738A}
		{EAC18EC6-7B06-4432-BBEF-B6D2B65B5CBB} = {2B408E1D-A28C-456E-8640-7989AFED738A}
		{F2E8D939-5AD5-4E9E-9314-4237C05E4C4C} = {2B408E1D-A28C-456E-8640-7989AFED738A}
		{BAE6BE25-CB6F-4865-8C8E-A726B5C72D09} = {2B408E1D-A28C-456E-8640-7989AFED738A}
		{A6B0F0AB-4ACE-4580-8809-D5193CE0A45E} = {2B408E1D-A28C-456E-8640-7989AFED738A}
		{A7775057-E13F-4677-8529-8343C6C4F956} = {2B408E1D-A28C-456E-8640-7989AFED738A}
		{B1E0083A-EF8F-4DA4-93A2-08B60B48ABED} = {2B408E1D-A28C-456E-8640-7989AFED738A}
	EndGlobalSection
EndGlobal
