
Microsoft Visual Studio Solution File, Format Version 12.00
# Visual Studio Version 17
VisualStudioVersion = 17.0.31903.59
MinimumVisualStudioVersion = 10.0.40219.1
Project("{FAE04EC0-301F-11D3-BF4B-00C04F79EFBC}") = "Day1", "Day1\Day1.csproj", "{3B5297DC-9110-45C8-8487-8A0749688435}"
EndProject
Project("{FAE04EC0-301F-11D3-BF4B-00C04F79EFBC}") = "Day2", "Day2\Day2.csproj", "{73E077AD-1B79-4D1F-AC59-FA3485295D65}"
EndProject
Project("{FAE04EC0-301F-11D3-BF4B-00C04F79EFBC}") = "Day2a", "Day2a\Day2a.csproj", "{7EE6D5EC-CA72-43B5-BCAD-E97C73939B2C}"
EndProject
Project("{FAE04EC0-301F-11D3-BF4B-00C04F79EFBC}") = "Day2b", "Day2b\Day2b.csproj", "{0E2716A3-343F-42E3-98C1-DE1AB0504BEC}"
EndProject
Project("{FAE04EC0-301F-11D3-BF4B-00C04F79EFBC}") = "Day2c", "Day2c\Day2c.csproj", "{E29A0F2B-8C02-4A79-9A08-D4FC3ADF6EAC}"
EndProject
Project("{FAE04EC0-301F-11D3-BF4B-00C04F79EFBC}") = "Day3", "Day3\Day3.csproj", "{C2CEEB29-79CF-4974-96AD-30B5B0C4825C}"
EndProject
Project("{FAE04EC0-301F-11D3-BF4B-00C04F79EFBC}") = "Day3a", "Day3a\Day3a.csproj", "{578E3196-1665-4EC3-838B-F5778ED65A06}"
EndProject
Project("{FAE04EC0-301F-11D3-BF4B-00C04F79EFBC}") = "Day3b", "Day3b\Day3b.csproj", "{C60373BD-A8C4-4137-B48E-56356578878E}"
EndProject
Project("{FAE04EC0-301F-11D3-BF4B-00C04F79EFBC}") = "Day3c", "Day3c\Day3c.csproj", "{B989764C-9AEE-4EBB-8B0A-48FC3E8E6561}"
EndProject
Project("{FAE04EC0-301F-11D3-BF4B-00C04F79EFBC}") = "Day3d", "Day3d\Day3d.csproj", "{5E945CAE-365E-446F-9187-F99075A4DD3E}"
EndProject
Project("{FAE04EC0-301F-11D3-BF4B-00C04F79EFBC}") = "Day4", "Day4\Day4.csproj", "{077AEF05-A1A5-436D-8965-E5A60713C3FD}"
EndProject
Project("{FAE04EC0-301F-11D3-BF4B-00C04F79EFBC}") = "Day4a", "Day4a\Day4a.csproj", "{F9F0BD81-1F0B-47D9-B15B-AE0B8FBC698F}"
EndProject
Project("{FAE04EC0-301F-11D3-BF4B-00C04F79EFBC}") = "Day4b", "Day4b\Day4b.csproj", "{002D3EF4-3B50-4F5B-8D80-34E5C03B6710}"
EndProject
Project("{FAE04EC0-301F-11D3-BF4B-00C04F79EFBC}") = "Day4c", "Day4c\Day4c.csproj", "{51EE1260-3E7D-44CA-A223-24C473494087}"
EndProject
Project("{FAE04EC0-301F-11D3-BF4B-00C04F79EFBC}") = "Day4d", "Day4d\Day4d.csproj", "{0A77D7A8-0AE7-4C0C-AB9E-66A233642D4C}"
EndProject
Project("{FAE04EC0-301F-11D3-BF4B-00C04F79EFBC}") = "Day4e", "Day4e\Day4e.csproj", "{B521E15D-ED04-4770-AB9B-B30CC0AFEF1C}"
EndProject
Project("{FAE04EC0-301F-11D3-BF4B-00C04F79EFBC}") = "Day4f", "Day4f\Day4f.csproj", "{56BDAFD9-1807-440B-B397-E20711B3D901}"
EndProject
Project("{FAE04EC0-301F-11D3-BF4B-00C04F79EFBC}") = "Day4g", "Day4g\Day4g.csproj", "{434035CD-4AFC-48BE-94CE-25E4B729FAA2}"
EndProject
Project("{FAE04EC0-301F-11D3-BF4B-00C04F79EFBC}") = "Day4h", "Day4h\Day4h.csproj", "{F9C9C42C-0183-499B-936A-42180E862CC1}"
EndProject
Project("{FAE04EC0-301F-11D3-BF4B-00C04F79EFBC}") = "Day4i", "Day4i\Day4i.csproj", "{879F7359-F507-4F3B-920B-1E1130E0CB20}"
EndProject
Project("{FAE04EC0-301F-11D3-BF4B-00C04F79EFBC}") = "Day4j", "Day4j\Day4j.csproj", "{92FA84C1-BDED-4FBF-9DF5-1CC4DD6F43F2}"
EndProject
Project("{FAE04EC0-301F-11D3-BF4B-00C04F79EFBC}") = "Day5", "Day5\Day5.csproj", "{567FB775-BB8D-423A-8790-CDEE52DBBF9F}"
EndProject
Project("{FAE04EC0-301F-11D3-BF4B-00C04F79EFBC}") = "Day5a", "Day5a\Day5a.csproj", "{AE029C51-926D-4A76-A162-001ED9D5C9C8}"
EndProject
Project("{FAE04EC0-301F-11D3-BF4B-00C04F79EFBC}") = "Day5b", "Day5b\Day5b.csproj", "{899C2349-6EA9-4AB9-93FF-A4172A7140A1}"
EndProject
Project("{FAE04EC0-301F-11D3-BF4B-00C04F79EFBC}") = "Day5c", "Day5c\Day5c.csproj", "{0025ACFC-EF18-4032-B01C-052B6DE223E4}"
EndProject
Project("{FAE04EC0-301F-11D3-BF4B-00C04F79EFBC}") = "Day5d", "Day5d\Day5d.csproj", "{093C8115-7354-449B-A82E-455832450495}"
EndProject
Project("{FAE04EC0-301F-11D3-BF4B-00C04F79EFBC}") = "Day5e", "Day5e\Day5e.csproj", "{A7B689C6-D55D-4AA3-B2E5-E0339884E852}"
EndProject
Project("{FAE04EC0-301F-11D3-BF4B-00C04F79EFBC}") = "Day5g", "Day5g\Day5g.csproj", "{C749B159-F375-4B35-AB76-BED7726D0889}"
EndProject
Project("{FAE04EC0-301F-11D3-BF4B-00C04F79EFBC}") = "Day5h", "Day5h\Day5h.csproj", "{B85C4F04-4D88-4163-879C-E97C4F634B82}"
EndProject
Project("{FAE04EC0-301F-11D3-BF4B-00C04F79EFBC}") = "Day5i", "Day5i\Day5i.csproj", "{58F2BDDB-5412-4307-89B4-212C5CF6EB1A}"
EndProject
Project("{FAE04EC0-301F-11D3-BF4B-00C04F79EFBC}") = "Day5j", "Day5j\Day5j.csproj", "{9A03C667-34A5-49B9-A16E-5DDA5986F68C}"
EndProject
Project("{FAE04EC0-301F-11D3-BF4B-00C04F79EFBC}") = "Day5k", "Day5k\Day5k.csproj", "{3CCDA22B-8669-4AB1-B31C-EA593E5E9C4B}"
EndProject
Project("{FAE04EC0-301F-11D3-BF4B-00C04F79EFBC}") = "Day5l", "Day5l\Day5l.csproj", "{7ADAF3D8-0275-496E-B90B-6A1E1B295000}"
EndProject
Project("{FAE04EC0-301F-11D3-BF4B-00C04F79EFBC}") = "Day5m", "Day5m\Day5m.csproj", "{4E8EEA6D-5C35-49AC-B47F-9CC06038AE46}"
EndProject
Project("{FAE04EC0-301F-11D3-BF4B-00C04F79EFBC}") = "Day5n", "Day5n\Day5n.csproj", "{A9A9D5BA-30D9-4233-BC58-4B1444436B0F}"
EndProject
Project("{FAE04EC0-301F-11D3-BF4B-00C04F79EFBC}") = "Day5o", "Day5o\Day5o.csproj", "{607B5810-6D60-4B28-A298-F029D74AAC14}"
EndProject
Project("{FAE04EC0-301F-11D3-BF4B-00C04F79EFBC}") = "Day5p", "Day5p\Day5p.csproj", "{5BAFBEEE-3C68-4F54-9641-741EF1436395}"
EndProject
Project("{FAE04EC0-301F-11D3-BF4B-00C04F79EFBC}") = "Day5q", "Day5q\Day5q.csproj", "{532EB70A-B1B0-4022-B5D4-9CF4B67E1114}"
EndProject
Project("{FAE04EC0-301F-11D3-BF4B-00C04F79EFBC}") = "Day6", "Day6\Day6.csproj", "{CF37CE42-F0F7-4A8B-8FCF-5DE319FFEB7D}"
EndProject
Project("{FAE04EC0-301F-11D3-BF4B-00C04F79EFBC}") = "Day6a", "Day6a\Day6a.csproj", "{E489CF25-8C62-4698-A754-7F671B642B9B}"
EndProject
Project("{FAE04EC0-301F-11D3-BF4B-00C04F79EFBC}") = "LatihanSE", "LatihanSE\LatihanSE.csproj", "{F937B188-B880-4ED5-B5F0-ED97DC92B459}"
EndProject
Global
	GlobalSection(SolutionConfigurationPlatforms) = preSolution
		Debug|Any CPU = Debug|Any CPU
		Release|Any CPU = Release|Any CPU
	EndGlobalSection
	GlobalSection(SolutionProperties) = preSolution
		HideSolutionNode = FALSE
	EndGlobalSection
	GlobalSection(ProjectConfigurationPlatforms) = postSolution
		{3B5297DC-9110-45C8-8487-8A0749688435}.Debug|Any CPU.ActiveCfg = Debug|Any CPU
		{3B5297DC-9110-45C8-8487-8A0749688435}.Debug|Any CPU.Build.0 = Debug|Any CPU
		{3B5297DC-9110-45C8-8487-8A0749688435}.Release|Any CPU.ActiveCfg = Release|Any CPU
		{3B5297DC-9110-45C8-8487-8A0749688435}.Release|Any CPU.Build.0 = Release|Any CPU
		{73E077AD-1B79-4D1F-AC59-FA3485295D65}.Debug|Any CPU.ActiveCfg = Debug|Any CPU
		{73E077AD-1B79-4D1F-AC59-FA3485295D65}.Debug|Any CPU.Build.0 = Debug|Any CPU
		{73E077AD-1B79-4D1F-AC59-FA3485295D65}.Release|Any CPU.ActiveCfg = Release|Any CPU
		{73E077AD-1B79-4D1F-AC59-FA3485295D65}.Release|Any CPU.Build.0 = Release|Any CPU
		{7EE6D5EC-CA72-43B5-BCAD-E97C73939B2C}.Debug|Any CPU.ActiveCfg = Debug|Any CPU
		{7EE6D5EC-CA72-43B5-BCAD-E97C73939B2C}.Debug|Any CPU.Build.0 = Debug|Any CPU
		{7EE6D5EC-CA72-43B5-BCAD-E97C73939B2C}.Release|Any CPU.ActiveCfg = Release|Any CPU
		{7EE6D5EC-CA72-43B5-BCAD-E97C73939B2C}.Release|Any CPU.Build.0 = Release|Any CPU
		{0E2716A3-343F-42E3-98C1-DE1AB0504BEC}.Debug|Any CPU.ActiveCfg = Debug|Any CPU
		{0E2716A3-343F-42E3-98C1-DE1AB0504BEC}.Debug|Any CPU.Build.0 = Debug|Any CPU
		{0E2716A3-343F-42E3-98C1-DE1AB0504BEC}.Release|Any CPU.ActiveCfg = Release|Any CPU
		{0E2716A3-343F-42E3-98C1-DE1AB0504BEC}.Release|Any CPU.Build.0 = Release|Any CPU
		{E29A0F2B-8C02-4A79-9A08-D4FC3ADF6EAC}.Debug|Any CPU.ActiveCfg = Debug|Any CPU
		{E29A0F2B-8C02-4A79-9A08-D4FC3ADF6EAC}.Debug|Any CPU.Build.0 = Debug|Any CPU
		{E29A0F2B-8C02-4A79-9A08-D4FC3ADF6EAC}.Release|Any CPU.ActiveCfg = Release|Any CPU
		{E29A0F2B-8C02-4A79-9A08-D4FC3ADF6EAC}.Release|Any CPU.Build.0 = Release|Any CPU
		{C2CEEB29-79CF-4974-96AD-30B5B0C4825C}.Debug|Any CPU.ActiveCfg = Debug|Any CPU
		{C2CEEB29-79CF-4974-96AD-30B5B0C4825C}.Debug|Any CPU.Build.0 = Debug|Any CPU
		{C2CEEB29-79CF-4974-96AD-30B5B0C4825C}.Release|Any CPU.ActiveCfg = Release|Any CPU
		{C2CEEB29-79CF-4974-96AD-30B5B0C4825C}.Release|Any CPU.Build.0 = Release|Any CPU
		{578E3196-1665-4EC3-838B-F5778ED65A06}.Debug|Any CPU.ActiveCfg = Debug|Any CPU
		{578E3196-1665-4EC3-838B-F5778ED65A06}.Debug|Any CPU.Build.0 = Debug|Any CPU
		{578E3196-1665-4EC3-838B-F5778ED65A06}.Release|Any CPU.ActiveCfg = Release|Any CPU
		{578E3196-1665-4EC3-838B-F5778ED65A06}.Release|Any CPU.Build.0 = Release|Any CPU
		{C60373BD-A8C4-4137-B48E-56356578878E}.Debug|Any CPU.ActiveCfg = Debug|Any CPU
		{C60373BD-A8C4-4137-B48E-56356578878E}.Debug|Any CPU.Build.0 = Debug|Any CPU
		{C60373BD-A8C4-4137-B48E-56356578878E}.Release|Any CPU.ActiveCfg = Release|Any CPU
		{C60373BD-A8C4-4137-B48E-56356578878E}.Release|Any CPU.Build.0 = Release|Any CPU
		{B989764C-9AEE-4EBB-8B0A-48FC3E8E6561}.Debug|Any CPU.ActiveCfg = Debug|Any CPU
		{B989764C-9AEE-4EBB-8B0A-48FC3E8E6561}.Debug|Any CPU.Build.0 = Debug|Any CPU
		{B989764C-9AEE-4EBB-8B0A-48FC3E8E6561}.Release|Any CPU.ActiveCfg = Release|Any CPU
		{B989764C-9AEE-4EBB-8B0A-48FC3E8E6561}.Release|Any CPU.Build.0 = Release|Any CPU
		{5E945CAE-365E-446F-9187-F99075A4DD3E}.Debug|Any CPU.ActiveCfg = Debug|Any CPU
		{5E945CAE-365E-446F-9187-F99075A4DD3E}.Debug|Any CPU.Build.0 = Debug|Any CPU
		{5E945CAE-365E-446F-9187-F99075A4DD3E}.Release|Any CPU.ActiveCfg = Release|Any CPU
		{5E945CAE-365E-446F-9187-F99075A4DD3E}.Release|Any CPU.Build.0 = Release|Any CPU
		{077AEF05-A1A5-436D-8965-E5A60713C3FD}.Debug|Any CPU.ActiveCfg = Debug|Any CPU
		{077AEF05-A1A5-436D-8965-E5A60713C3FD}.Debug|Any CPU.Build.0 = Debug|Any CPU
		{077AEF05-A1A5-436D-8965-E5A60713C3FD}.Release|Any CPU.ActiveCfg = Release|Any CPU
		{077AEF05-A1A5-436D-8965-E5A60713C3FD}.Release|Any CPU.Build.0 = Release|Any CPU
		{F9F0BD81-1F0B-47D9-B15B-AE0B8FBC698F}.Debug|Any CPU.ActiveCfg = Debug|Any CPU
		{F9F0BD81-1F0B-47D9-B15B-AE0B8FBC698F}.Debug|Any CPU.Build.0 = Debug|Any CPU
		{F9F0BD81-1F0B-47D9-B15B-AE0B8FBC698F}.Release|Any CPU.ActiveCfg = Release|Any CPU
		{F9F0BD81-1F0B-47D9-B15B-AE0B8FBC698F}.Release|Any CPU.Build.0 = Release|Any CPU
		{002D3EF4-3B50-4F5B-8D80-34E5C03B6710}.Debug|Any CPU.ActiveCfg = Debug|Any CPU
		{002D3EF4-3B50-4F5B-8D80-34E5C03B6710}.Debug|Any CPU.Build.0 = Debug|Any CPU
		{002D3EF4-3B50-4F5B-8D80-34E5C03B6710}.Release|Any CPU.ActiveCfg = Release|Any CPU
		{002D3EF4-3B50-4F5B-8D80-34E5C03B6710}.Release|Any CPU.Build.0 = Release|Any CPU
		{51EE1260-3E7D-44CA-A223-24C473494087}.Debug|Any CPU.ActiveCfg = Debug|Any CPU
		{51EE1260-3E7D-44CA-A223-24C473494087}.Debug|Any CPU.Build.0 = Debug|Any CPU
		{51EE1260-3E7D-44CA-A223-24C473494087}.Release|Any CPU.ActiveCfg = Release|Any CPU
		{51EE1260-3E7D-44CA-A223-24C473494087}.Release|Any CPU.Build.0 = Release|Any CPU
		{0A77D7A8-0AE7-4C0C-AB9E-66A233642D4C}.Debug|Any CPU.ActiveCfg = Debug|Any CPU
		{0A77D7A8-0AE7-4C0C-AB9E-66A233642D4C}.Debug|Any CPU.Build.0 = Debug|Any CPU
		{0A77D7A8-0AE7-4C0C-AB9E-66A233642D4C}.Release|Any CPU.ActiveCfg = Release|Any CPU
		{0A77D7A8-0AE7-4C0C-AB9E-66A233642D4C}.Release|Any CPU.Build.0 = Release|Any CPU
		{B521E15D-ED04-4770-AB9B-B30CC0AFEF1C}.Debug|Any CPU.ActiveCfg = Debug|Any CPU
		{B521E15D-ED04-4770-AB9B-B30CC0AFEF1C}.Debug|Any CPU.Build.0 = Debug|Any CPU
		{B521E15D-ED04-4770-AB9B-B30CC0AFEF1C}.Release|Any CPU.ActiveCfg = Release|Any CPU
		{B521E15D-ED04-4770-AB9B-B30CC0AFEF1C}.Release|Any CPU.Build.0 = Release|Any CPU
		{56BDAFD9-1807-440B-B397-E20711B3D901}.Debug|Any CPU.ActiveCfg = Debug|Any CPU
		{56BDAFD9-1807-440B-B397-E20711B3D901}.Debug|Any CPU.Build.0 = Debug|Any CPU
		{56BDAFD9-1807-440B-B397-E20711B3D901}.Release|Any CPU.ActiveCfg = Release|Any CPU
		{56BDAFD9-1807-440B-B397-E20711B3D901}.Release|Any CPU.Build.0 = Release|Any CPU
		{434035CD-4AFC-48BE-94CE-25E4B729FAA2}.Debug|Any CPU.ActiveCfg = Debug|Any CPU
		{434035CD-4AFC-48BE-94CE-25E4B729FAA2}.Debug|Any CPU.Build.0 = Debug|Any CPU
		{434035CD-4AFC-48BE-94CE-25E4B729FAA2}.Release|Any CPU.ActiveCfg = Release|Any CPU
		{434035CD-4AFC-48BE-94CE-25E4B729FAA2}.Release|Any CPU.Build.0 = Release|Any CPU
		{F9C9C42C-0183-499B-936A-42180E862CC1}.Debug|Any CPU.ActiveCfg = Debug|Any CPU
		{F9C9C42C-0183-499B-936A-42180E862CC1}.Debug|Any CPU.Build.0 = Debug|Any CPU
		{F9C9C42C-0183-499B-936A-42180E862CC1}.Release|Any CPU.ActiveCfg = Release|Any CPU
		{F9C9C42C-0183-499B-936A-42180E862CC1}.Release|Any CPU.Build.0 = Release|Any CPU
		{879F7359-F507-4F3B-920B-1E1130E0CB20}.Debug|Any CPU.ActiveCfg = Debug|Any CPU
		{879F7359-F507-4F3B-920B-1E1130E0CB20}.Debug|Any CPU.Build.0 = Debug|Any CPU
		{879F7359-F507-4F3B-920B-1E1130E0CB20}.Release|Any CPU.ActiveCfg = Release|Any CPU
		{879F7359-F507-4F3B-920B-1E1130E0CB20}.Release|Any CPU.Build.0 = Release|Any CPU
		{92FA84C1-BDED-4FBF-9DF5-1CC4DD6F43F2}.Debug|Any CPU.ActiveCfg = Debug|Any CPU
		{92FA84C1-BDED-4FBF-9DF5-1CC4DD6F43F2}.Debug|Any CPU.Build.0 = Debug|Any CPU
		{92FA84C1-BDED-4FBF-9DF5-1CC4DD6F43F2}.Release|Any CPU.ActiveCfg = Release|Any CPU
		{92FA84C1-BDED-4FBF-9DF5-1CC4DD6F43F2}.Release|Any CPU.Build.0 = Release|Any CPU
		{567FB775-BB8D-423A-8790-CDEE52DBBF9F}.Debug|Any CPU.ActiveCfg = Debug|Any CPU
		{567FB775-BB8D-423A-8790-CDEE52DBBF9F}.Debug|Any CPU.Build.0 = Debug|Any CPU
		{567FB775-BB8D-423A-8790-CDEE52DBBF9F}.Release|Any CPU.ActiveCfg = Release|Any CPU
		{567FB775-BB8D-423A-8790-CDEE52DBBF9F}.Release|Any CPU.Build.0 = Release|Any CPU
		{AE029C51-926D-4A76-A162-001ED9D5C9C8}.Debug|Any CPU.ActiveCfg = Debug|Any CPU
		{AE029C51-926D-4A76-A162-001ED9D5C9C8}.Debug|Any CPU.Build.0 = Debug|Any CPU
		{AE029C51-926D-4A76-A162-001ED9D5C9C8}.Release|Any CPU.ActiveCfg = Release|Any CPU
		{AE029C51-926D-4A76-A162-001ED9D5C9C8}.Release|Any CPU.Build.0 = Release|Any CPU
		{899C2349-6EA9-4AB9-93FF-A4172A7140A1}.Debug|Any CPU.ActiveCfg = Debug|Any CPU
		{899C2349-6EA9-4AB9-93FF-A4172A7140A1}.Debug|Any CPU.Build.0 = Debug|Any CPU
		{899C2349-6EA9-4AB9-93FF-A4172A7140A1}.Release|Any CPU.ActiveCfg = Release|Any CPU
		{899C2349-6EA9-4AB9-93FF-A4172A7140A1}.Release|Any CPU.Build.0 = Release|Any CPU
		{0025ACFC-EF18-4032-B01C-052B6DE223E4}.Debug|Any CPU.ActiveCfg = Debug|Any CPU
		{0025ACFC-EF18-4032-B01C-052B6DE223E4}.Debug|Any CPU.Build.0 = Debug|Any CPU
		{0025ACFC-EF18-4032-B01C-052B6DE223E4}.Release|Any CPU.ActiveCfg = Release|Any CPU
		{0025ACFC-EF18-4032-B01C-052B6DE223E4}.Release|Any CPU.Build.0 = Release|Any CPU
		{093C8115-7354-449B-A82E-455832450495}.Debug|Any CPU.ActiveCfg = Debug|Any CPU
		{093C8115-7354-449B-A82E-455832450495}.Debug|Any CPU.Build.0 = Debug|Any CPU
		{093C8115-7354-449B-A82E-455832450495}.Release|Any CPU.ActiveCfg = Release|Any CPU
		{093C8115-7354-449B-A82E-455832450495}.Release|Any CPU.Build.0 = Release|Any CPU
		{A7B689C6-D55D-4AA3-B2E5-E0339884E852}.Debug|Any CPU.ActiveCfg = Debug|Any CPU
		{A7B689C6-D55D-4AA3-B2E5-E0339884E852}.Debug|Any CPU.Build.0 = Debug|Any CPU
		{A7B689C6-D55D-4AA3-B2E5-E0339884E852}.Release|Any CPU.ActiveCfg = Release|Any CPU
		{A7B689C6-D55D-4AA3-B2E5-E0339884E852}.Release|Any CPU.Build.0 = Release|Any CPU
		{C749B159-F375-4B35-AB76-BED7726D0889}.Debug|Any CPU.ActiveCfg = Debug|Any CPU
		{C749B159-F375-4B35-AB76-BED7726D0889}.Debug|Any CPU.Build.0 = Debug|Any CPU
		{C749B159-F375-4B35-AB76-BED7726D0889}.Release|Any CPU.ActiveCfg = Release|Any CPU
		{C749B159-F375-4B35-AB76-BED7726D0889}.Release|Any CPU.Build.0 = Release|Any CPU
		{B85C4F04-4D88-4163-879C-E97C4F634B82}.Debug|Any CPU.ActiveCfg = Debug|Any CPU
		{B85C4F04-4D88-4163-879C-E97C4F634B82}.Debug|Any CPU.Build.0 = Debug|Any CPU
		{B85C4F04-4D88-4163-879C-E97C4F634B82}.Release|Any CPU.ActiveCfg = Release|Any CPU
		{B85C4F04-4D88-4163-879C-E97C4F634B82}.Release|Any CPU.Build.0 = Release|Any CPU
		{58F2BDDB-5412-4307-89B4-212C5CF6EB1A}.Debug|Any CPU.ActiveCfg = Debug|Any CPU
		{58F2BDDB-5412-4307-89B4-212C5CF6EB1A}.Debug|Any CPU.Build.0 = Debug|Any CPU
		{58F2BDDB-5412-4307-89B4-212C5CF6EB1A}.Release|Any CPU.ActiveCfg = Release|Any CPU
		{58F2BDDB-5412-4307-89B4-212C5CF6EB1A}.Release|Any CPU.Build.0 = Release|Any CPU
		{9A03C667-34A5-49B9-A16E-5DDA5986F68C}.Debug|Any CPU.ActiveCfg = Debug|Any CPU
		{9A03C667-34A5-49B9-A16E-5DDA5986F68C}.Debug|Any CPU.Build.0 = Debug|Any CPU
		{9A03C667-34A5-49B9-A16E-5DDA5986F68C}.Release|Any CPU.ActiveCfg = Release|Any CPU
		{9A03C667-34A5-49B9-A16E-5DDA5986F68C}.Release|Any CPU.Build.0 = Release|Any CPU
		{3CCDA22B-8669-4AB1-B31C-EA593E5E9C4B}.Debug|Any CPU.ActiveCfg = Debug|Any CPU
		{3CCDA22B-8669-4AB1-B31C-EA593E5E9C4B}.Debug|Any CPU.Build.0 = Debug|Any CPU
		{3CCDA22B-8669-4AB1-B31C-EA593E5E9C4B}.Release|Any CPU.ActiveCfg = Release|Any CPU
		{3CCDA22B-8669-4AB1-B31C-EA593E5E9C4B}.Release|Any CPU.Build.0 = Release|Any CPU
		{7ADAF3D8-0275-496E-B90B-6A1E1B295000}.Debug|Any CPU.ActiveCfg = Debug|Any CPU
		{7ADAF3D8-0275-496E-B90B-6A1E1B295000}.Debug|Any CPU.Build.0 = Debug|Any CPU
		{7ADAF3D8-0275-496E-B90B-6A1E1B295000}.Release|Any CPU.ActiveCfg = Release|Any CPU
		{7ADAF3D8-0275-496E-B90B-6A1E1B295000}.Release|Any CPU.Build.0 = Release|Any CPU
		{4E8EEA6D-5C35-49AC-B47F-9CC06038AE46}.Debug|Any CPU.ActiveCfg = Debug|Any CPU
		{4E8EEA6D-5C35-49AC-B47F-9CC06038AE46}.Debug|Any CPU.Build.0 = Debug|Any CPU
		{4E8EEA6D-5C35-49AC-B47F-9CC06038AE46}.Release|Any CPU.ActiveCfg = Release|Any CPU
		{4E8EEA6D-5C35-49AC-B47F-9CC06038AE46}.Release|Any CPU.Build.0 = Release|Any CPU
		{A9A9D5BA-30D9-4233-BC58-4B1444436B0F}.Debug|Any CPU.ActiveCfg = Debug|Any CPU
		{A9A9D5BA-30D9-4233-BC58-4B1444436B0F}.Debug|Any CPU.Build.0 = Debug|Any CPU
		{A9A9D5BA-30D9-4233-BC58-4B1444436B0F}.Release|Any CPU.ActiveCfg = Release|Any CPU
		{A9A9D5BA-30D9-4233-BC58-4B1444436B0F}.Release|Any CPU.Build.0 = Release|Any CPU
		{607B5810-6D60-4B28-A298-F029D74AAC14}.Debug|Any CPU.ActiveCfg = Debug|Any CPU
		{607B5810-6D60-4B28-A298-F029D74AAC14}.Debug|Any CPU.Build.0 = Debug|Any CPU
		{607B5810-6D60-4B28-A298-F029D74AAC14}.Release|Any CPU.ActiveCfg = Release|Any CPU
		{607B5810-6D60-4B28-A298-F029D74AAC14}.Release|Any CPU.Build.0 = Release|Any CPU
		{5BAFBEEE-3C68-4F54-9641-741EF1436395}.Debug|Any CPU.ActiveCfg = Debug|Any CPU
		{5BAFBEEE-3C68-4F54-9641-741EF1436395}.Debug|Any CPU.Build.0 = Debug|Any CPU
		{5BAFBEEE-3C68-4F54-9641-741EF1436395}.Release|Any CPU.ActiveCfg = Release|Any CPU
		{5BAFBEEE-3C68-4F54-9641-741EF1436395}.Release|Any CPU.Build.0 = Release|Any CPU
		{532EB70A-B1B0-4022-B5D4-9CF4B67E1114}.Debug|Any CPU.ActiveCfg = Debug|Any CPU
		{532EB70A-B1B0-4022-B5D4-9CF4B67E1114}.Debug|Any CPU.Build.0 = Debug|Any CPU
		{532EB70A-B1B0-4022-B5D4-9CF4B67E1114}.Release|Any CPU.ActiveCfg = Release|Any CPU
		{532EB70A-B1B0-4022-B5D4-9CF4B67E1114}.Release|Any CPU.Build.0 = Release|Any CPU
		{CF37CE42-F0F7-4A8B-8FCF-5DE319FFEB7D}.Debug|Any CPU.ActiveCfg = Debug|Any CPU
		{CF37CE42-F0F7-4A8B-8FCF-5DE319FFEB7D}.Debug|Any CPU.Build.0 = Debug|Any CPU
		{CF37CE42-F0F7-4A8B-8FCF-5DE319FFEB7D}.Release|Any CPU.ActiveCfg = Release|Any CPU
		{CF37CE42-F0F7-4A8B-8FCF-5DE319FFEB7D}.Release|Any CPU.Build.0 = Release|Any CPU
		{E489CF25-8C62-4698-A754-7F671B642B9B}.Debug|Any CPU.ActiveCfg = Debug|Any CPU
		{E489CF25-8C62-4698-A754-7F671B642B9B}.Debug|Any CPU.Build.0 = Debug|Any CPU
		{E489CF25-8C62-4698-A754-7F671B642B9B}.Release|Any CPU.ActiveCfg = Release|Any CPU
		{E489CF25-8C62-4698-A754-7F671B642B9B}.Release|Any CPU.Build.0 = Release|Any CPU
		{F937B188-B880-4ED5-B5F0-ED97DC92B459}.Debug|Any CPU.ActiveCfg = Debug|Any CPU
		{F937B188-B880-4ED5-B5F0-ED97DC92B459}.Debug|Any CPU.Build.0 = Debug|Any CPU
		{F937B188-B880-4ED5-B5F0-ED97DC92B459}.Release|Any CPU.ActiveCfg = Release|Any CPU
		{F937B188-B880-4ED5-B5F0-ED97DC92B459}.Release|Any CPU.Build.0 = Release|Any CPU
	EndGlobalSection
EndGlobal
